{
	"name": "@nuclear/main",
	"version": "0.6.16",
	"lockfileVersion": 1,
	"requires": true,
	"dependencies": {
		"copy-webpack-plugin": {
			"version": "5.1.2",
			"resolved": "https://registry.npmjs.org/copy-webpack-plugin/-/copy-webpack-plugin-5.1.2.tgz",
			"integrity": "sha512-Uh7crJAco3AjBvgAy9Z75CjK8IG+gxaErro71THQ+vv/bl4HaQcpkexAY8KVW/T6D2W2IRr+couF/knIRkZMIQ==",
			"dev": true,
			"requires": {
				"cacache": "^12.0.3",
				"find-cache-dir": "^2.1.0",
				"glob-parent": "^3.1.0",
				"globby": "^7.1.1",
				"is-glob": "^4.0.1",
				"loader-utils": "^1.2.3",
				"minimatch": "^3.0.4",
				"normalize-path": "^3.0.0",
				"p-limit": "^2.2.1",
				"schema-utils": "^1.0.0",
				"serialize-javascript": "^4.0.0",
				"webpack-log": "^2.0.0"
			},
			"dependencies": {
				"ajv": {
					"version": "6.12.6",
					"resolved": "https://registry.npmjs.org/ajv/-/ajv-6.12.6.tgz",
					"integrity": "sha512-j3fVLgvTo527anyYyJOGTYJbG+vnnQYvE0m5mmkc1TK+nxAppkCLMIL0aZ4dblVCNoGShhm+kzE4ZUykBoMg4g==",
					"dev": true,
					"requires": {
						"fast-deep-equal": "^3.1.1",
						"fast-json-stable-stringify": "^2.0.0",
						"json-schema-traverse": "^0.4.1",
						"uri-js": "^4.2.2"
					}
				},
				"ajv-errors": {
					"version": "1.0.1",
					"resolved": "https://registry.npmjs.org/ajv-errors/-/ajv-errors-1.0.1.tgz",
					"integrity": "sha512-DCRfO/4nQ+89p/RK43i8Ezd41EqdGIU4ld7nGF8OQ14oc/we5rEntLCUa7+jrn3nn83BosfwZA0wb4pon2o8iQ==",
					"dev": true
				},
				"ajv-keywords": {
					"version": "3.5.2",
					"resolved": "https://registry.npmjs.org/ajv-keywords/-/ajv-keywords-3.5.2.tgz",
					"integrity": "sha512-5p6WTN0DdTGVQk6VjcEju19IgaHudalcfabD7yhDGeA6bcQnmL+CpveLJq/3hvfwd1aof6L386Ougkx6RfyMIQ==",
					"dev": true
				},
				"ansi-colors": {
					"version": "3.2.4",
					"resolved": "https://registry.npmjs.org/ansi-colors/-/ansi-colors-3.2.4.tgz",
					"integrity": "sha512-hHUXGagefjN2iRrID63xckIvotOXOojhQKWIPUZ4mNUZ9nLZW+7FMNoE1lOkEhNWYsx/7ysGIuJYCiMAA9FnrA==",
					"dev": true
				},
				"aproba": {
					"version": "1.2.0",
					"resolved": "https://registry.npmjs.org/aproba/-/aproba-1.2.0.tgz",
					"integrity": "sha512-Y9J6ZjXtoYh8RnXVCMOU/ttDmk1aBjunq9vO0ta5x85WDQiQfUF9sIPBITdbiiIVcBo03Hi3jMxigBtsddlXRw==",
					"dev": true
				},
				"array-union": {
					"version": "1.0.2",
					"resolved": "https://registry.npmjs.org/array-union/-/array-union-1.0.2.tgz",
					"integrity": "sha1-mjRBDk9OPaI96jdb5b5w8kd47Dk=",
					"dev": true,
					"requires": {
						"array-uniq": "^1.0.1"
					}
				},
				"array-uniq": {
					"version": "1.0.3",
					"resolved": "https://registry.npmjs.org/array-uniq/-/array-uniq-1.0.3.tgz",
					"integrity": "sha1-r2rId6Jcx/dOBYiUdThY39sk/bY=",
					"dev": true
				},
				"balanced-match": {
					"version": "1.0.2",
					"resolved": "https://registry.npmjs.org/balanced-match/-/balanced-match-1.0.2.tgz",
					"integrity": "sha512-3oSeUO0TMV67hN1AmbXsK4yaqU7tjiHlbxRDZOpH0KW9+CeX4bRAaX0Anxt0tx2MrpRpWwQaPwIlISEJhYU5Pw==",
					"dev": true
				},
				"big.js": {
					"version": "5.2.2",
					"resolved": "https://registry.npmjs.org/big.js/-/big.js-5.2.2.tgz",
					"integrity": "sha512-vyL2OymJxmarO8gxMr0mhChsO9QGwhynfuu4+MHTAW6czfq9humCB7rKpUjDd9YUiDPU4mzpyupFSvOClAwbmQ==",
					"dev": true
				},
				"bluebird": {
					"version": "3.7.2",
					"resolved": "https://registry.npmjs.org/bluebird/-/bluebird-3.7.2.tgz",
					"integrity": "sha512-XpNj6GDQzdfW+r2Wnn7xiSAd7TM3jzkxGXBGTtWKuSXv1xUV+azxAm8jdWZN06QTQk+2N2XB9jRDkvbmQmcRtg==",
					"dev": true
				},
				"brace-expansion": {
					"version": "1.1.11",
					"resolved": "https://registry.npmjs.org/brace-expansion/-/brace-expansion-1.1.11.tgz",
					"integrity": "sha512-iCuPHDFgrHX7H2vEI/5xpz07zSHB00TpugqhmYtVmMO6518mCuRMoOYFldEBl0g187ufozdaHgWKcYFb61qGiA==",
					"dev": true,
					"requires": {
						"balanced-match": "^1.0.0",
						"concat-map": "0.0.1"
					}
				},
				"buffer-from": {
					"version": "1.1.2",
					"resolved": "https://registry.npmjs.org/buffer-from/-/buffer-from-1.1.2.tgz",
					"integrity": "sha512-E+XQCRwSbaaiChtv6k6Dwgc+bx+Bs6vuKJHHl5kox/BaKbhiXzqQOwK4cO22yElGp2OCmjwVhT3HmxgyPGnJfQ==",
					"dev": true
				},
				"cacache": {
					"version": "12.0.4",
					"resolved": "https://registry.npmjs.org/cacache/-/cacache-12.0.4.tgz",
					"integrity": "sha512-a0tMB40oefvuInr4Cwb3GerbL9xTj1D5yg0T5xrjGCGyfvbxseIXX7BAO/u/hIXdafzOI5JC3wDwHyf24buOAQ==",
					"dev": true,
					"requires": {
						"bluebird": "^3.5.5",
						"chownr": "^1.1.1",
						"figgy-pudding": "^3.5.1",
						"glob": "^7.1.4",
						"graceful-fs": "^4.1.15",
						"infer-owner": "^1.0.3",
						"lru-cache": "^5.1.1",
						"mississippi": "^3.0.0",
						"mkdirp": "^0.5.1",
						"move-concurrently": "^1.0.1",
						"promise-inflight": "^1.0.1",
						"rimraf": "^2.6.3",
						"ssri": "^6.0.1",
						"unique-filename": "^1.1.1",
						"y18n": "^4.0.0"
					}
				},
				"chownr": {
					"version": "1.1.4",
					"resolved": "https://registry.npmjs.org/chownr/-/chownr-1.1.4.tgz",
					"integrity": "sha512-jJ0bqzaylmJtVnNgzTeSOs8DPavpbYgEr/b0YL8/2GO3xJEhInFmhKMUnEJQjZumK7KXGFhUy89PrsJWlakBVg==",
					"dev": true
				},
				"commondir": {
					"version": "1.0.1",
					"resolved": "https://registry.npmjs.org/commondir/-/commondir-1.0.1.tgz",
					"integrity": "sha1-3dgA2gxmEnOTzKWVDqloo6rxJTs=",
					"dev": true
				},
				"concat-map": {
					"version": "0.0.1",
					"resolved": "https://registry.npmjs.org/concat-map/-/concat-map-0.0.1.tgz",
					"integrity": "sha1-2Klr13/Wjfd5OnMDajug1UBdR3s=",
					"dev": true
				},
				"concat-stream": {
					"version": "1.6.2",
					"resolved": "https://registry.npmjs.org/concat-stream/-/concat-stream-1.6.2.tgz",
					"integrity": "sha512-27HBghJxjiZtIk3Ycvn/4kbJk/1uZuJFfuPEns6LaEvpvG1f0hTea8lilrouyo9mVc2GWdcEZ8OLoGmSADlrCw==",
					"dev": true,
					"requires": {
						"buffer-from": "^1.0.0",
						"inherits": "^2.0.3",
						"readable-stream": "^2.2.2",
						"typedarray": "^0.0.6"
					}
				},
				"copy-concurrently": {
					"version": "1.0.5",
					"resolved": "https://registry.npmjs.org/copy-concurrently/-/copy-concurrently-1.0.5.tgz",
					"integrity": "sha512-f2domd9fsVDFtaFcbaRZuYXwtdmnzqbADSwhSWYxYB/Q8zsdUUFMXVRwXGDMWmbEzAn1kdRrtI1T/KTFOL4X2A==",
					"dev": true,
					"requires": {
						"aproba": "^1.1.1",
						"fs-write-stream-atomic": "^1.0.8",
						"iferr": "^0.1.5",
						"mkdirp": "^0.5.1",
						"rimraf": "^2.5.4",
						"run-queue": "^1.0.0"
					}
				},
				"core-util-is": {
					"version": "1.0.3",
					"resolved": "https://registry.npmjs.org/core-util-is/-/core-util-is-1.0.3.tgz",
					"integrity": "sha512-ZQBvi1DcpJ4GDqanjucZ2Hj3wEO5pZDS89BWbkcrvdxksJorwUDDZamX9ldFkp9aw2lmBDLgkObEA4DWNJ9FYQ==",
					"dev": true
				},
				"cyclist": {
					"version": "1.0.1",
					"resolved": "https://registry.npmjs.org/cyclist/-/cyclist-1.0.1.tgz",
					"integrity": "sha1-WW6WmP0MgOEgOMK4LW6xs1tiJNk=",
					"dev": true
				},
				"dir-glob": {
					"version": "2.2.2",
					"resolved": "https://registry.npmjs.org/dir-glob/-/dir-glob-2.2.2.tgz",
					"integrity": "sha512-f9LBi5QWzIW3I6e//uxZoLBlUt9kcp66qo0sSCxL6YZKc75R1c4MFCoe/LaZiBGmgujvQdxc5Bn3QhfyvK5Hsw==",
					"dev": true,
					"requires": {
						"path-type": "^3.0.0"
					}
				},
				"duplexify": {
					"version": "3.7.1",
					"resolved": "https://registry.npmjs.org/duplexify/-/duplexify-3.7.1.tgz",
					"integrity": "sha512-07z8uv2wMyS51kKhD1KsdXJg5WQ6t93RneqRxUHnskXVtlYYkLqM0gqStQZ3pj073g687jPCHrqNfCzawLYh5g==",
					"dev": true,
					"requires": {
						"end-of-stream": "^1.0.0",
						"inherits": "^2.0.1",
						"readable-stream": "^2.0.0",
						"stream-shift": "^1.0.0"
					}
				},
				"emojis-list": {
					"version": "3.0.0",
					"resolved": "https://registry.npmjs.org/emojis-list/-/emojis-list-3.0.0.tgz",
					"integrity": "sha512-/kyM18EfinwXZbno9FyUGeFh87KC8HRQBQGildHZbEuRyWFOmv1U10o9BBp8XVZDVNNuQKyIGIu5ZYAAXJ0V2Q==",
					"dev": true
				},
				"end-of-stream": {
					"version": "1.4.4",
					"resolved": "https://registry.npmjs.org/end-of-stream/-/end-of-stream-1.4.4.tgz",
					"integrity": "sha512-+uw1inIHVPQoaVuHzRyXd21icM+cnt4CzD5rW+NC1wjOUSTOs+Te7FOv7AhN7vS9x/oIyhLP5PR1H+phQAHu5Q==",
					"dev": true,
					"requires": {
						"once": "^1.4.0"
					}
				},
				"fast-deep-equal": {
					"version": "3.1.3",
					"resolved": "https://registry.npmjs.org/fast-deep-equal/-/fast-deep-equal-3.1.3.tgz",
					"integrity": "sha512-f3qQ9oQy9j2AhBe/H9VC91wLmKBCCU/gDOnKNAYG5hswO7BLKj09Hc5HYNz9cGI++xlpDCIgDaitVs03ATR84Q==",
					"dev": true
				},
				"fast-json-stable-stringify": {
					"version": "2.1.0",
					"resolved": "https://registry.npmjs.org/fast-json-stable-stringify/-/fast-json-stable-stringify-2.1.0.tgz",
					"integrity": "sha512-lhd/wF+Lk98HZoTCtlVraHtfh5XYijIjalXck7saUtuanSDyLMxnHhSXEDJqHxD7msR8D0uCmqlkwjCV8xvwHw==",
					"dev": true
				},
				"figgy-pudding": {
					"version": "3.5.2",
					"resolved": "https://registry.npmjs.org/figgy-pudding/-/figgy-pudding-3.5.2.tgz",
					"integrity": "sha512-0btnI/H8f2pavGMN8w40mlSKOfTK2SVJmBfBeVIj3kNw0swwgzyRq0d5TJVOwodFmtvpPeWPN/MCcfuWF0Ezbw==",
					"dev": true
				},
				"find-cache-dir": {
					"version": "2.1.0",
					"resolved": "https://registry.npmjs.org/find-cache-dir/-/find-cache-dir-2.1.0.tgz",
					"integrity": "sha512-Tq6PixE0w/VMFfCgbONnkiQIVol/JJL7nRMi20fqzA4NRs9AfeqMGeRdPi3wIhYkxjeBaWh2rxwapn5Tu3IqOQ==",
					"dev": true,
					"requires": {
						"commondir": "^1.0.1",
						"make-dir": "^2.0.0",
						"pkg-dir": "^3.0.0"
					}
				},
				"find-up": {
					"version": "3.0.0",
					"resolved": "https://registry.npmjs.org/find-up/-/find-up-3.0.0.tgz",
					"integrity": "sha512-1yD6RmLI1XBfxugvORwlck6f75tYL+iR0jqwsOrOxMZyGYqUuDhJ0l4AXdO1iX/FTs9cBAMEk1gWSEx1kSbylg==",
					"dev": true,
					"requires": {
						"locate-path": "^3.0.0"
					}
				},
				"flush-write-stream": {
					"version": "1.1.1",
					"resolved": "https://registry.npmjs.org/flush-write-stream/-/flush-write-stream-1.1.1.tgz",
					"integrity": "sha512-3Z4XhFZ3992uIq0XOqb9AreonueSYphE6oYbpt5+3u06JWklbsPkNv3ZKkP9Bz/r+1MWCaMoSQ28P85+1Yc77w==",
					"dev": true,
					"requires": {
						"inherits": "^2.0.3",
						"readable-stream": "^2.3.6"
					}
				},
				"from2": {
					"version": "2.3.0",
					"resolved": "https://registry.npmjs.org/from2/-/from2-2.3.0.tgz",
					"integrity": "sha1-i/tVAr3kpNNs/e6gB/zKIdfjgq8=",
					"dev": true,
					"requires": {
						"inherits": "^2.0.1",
						"readable-stream": "^2.0.0"
					}
				},
				"fs-write-stream-atomic": {
					"version": "1.0.10",
					"resolved": "https://registry.npmjs.org/fs-write-stream-atomic/-/fs-write-stream-atomic-1.0.10.tgz",
					"integrity": "sha1-tH31NJPvkR33VzHnCp3tAYnbQMk=",
					"dev": true,
					"requires": {
						"graceful-fs": "^4.1.2",
						"iferr": "^0.1.5",
						"imurmurhash": "^0.1.4",
						"readable-stream": "1 || 2"
					}
				},
				"fs.realpath": {
					"version": "1.0.0",
					"resolved": "https://registry.npmjs.org/fs.realpath/-/fs.realpath-1.0.0.tgz",
					"integrity": "sha1-FQStJSMVjKpA20onh8sBQRmU6k8=",
					"dev": true
				},
				"glob": {
					"version": "7.1.7",
					"resolved": "https://registry.npmjs.org/glob/-/glob-7.1.7.tgz",
					"integrity": "sha512-OvD9ENzPLbegENnYP5UUfJIirTg4+XwMWGaQfQTY0JenxNvvIKP3U3/tAQSPIu/lHxXYSZmpXlUHeqAIdKzBLQ==",
					"dev": true,
					"requires": {
						"fs.realpath": "^1.0.0",
						"inflight": "^1.0.4",
						"inherits": "2",
						"minimatch": "^3.0.4",
						"once": "^1.3.0",
						"path-is-absolute": "^1.0.0"
					}
				},
				"glob-parent": {
					"version": "3.1.0",
					"resolved": "https://registry.npmjs.org/glob-parent/-/glob-parent-3.1.0.tgz",
					"integrity": "sha1-nmr2KZ2NO9K9QEMIMr0RPfkGxa4=",
					"dev": true,
					"requires": {
						"is-glob": "^3.1.0",
						"path-dirname": "^1.0.0"
					},
					"dependencies": {
						"is-glob": {
							"version": "3.1.0",
							"resolved": "https://registry.npmjs.org/is-glob/-/is-glob-3.1.0.tgz",
							"integrity": "sha1-e6WuJCF4BKxwcHuWkiVnSGzD6Eo=",
							"dev": true,
							"requires": {
								"is-extglob": "^2.1.0"
							}
						}
					}
				},
				"globby": {
					"version": "7.1.1",
					"resolved": "https://registry.npmjs.org/globby/-/globby-7.1.1.tgz",
					"integrity": "sha1-+yzP+UAfhgCUXfral0QMypcrhoA=",
					"dev": true,
					"requires": {
						"array-union": "^1.0.1",
						"dir-glob": "^2.0.0",
						"glob": "^7.1.2",
						"ignore": "^3.3.5",
						"pify": "^3.0.0",
						"slash": "^1.0.0"
					},
					"dependencies": {
						"pify": {
							"version": "3.0.0",
							"resolved": "https://registry.npmjs.org/pify/-/pify-3.0.0.tgz",
							"integrity": "sha1-5aSs0sEB/fPZpNB/DbxNtJ3SgXY=",
							"dev": true
						}
					}
				},
				"graceful-fs": {
					"version": "4.2.8",
					"resolved": "https://registry.npmjs.org/graceful-fs/-/graceful-fs-4.2.8.tgz",
					"integrity": "sha512-qkIilPUYcNhJpd33n0GBXTB1MMPp14TxEsEs0pTrsSVucApsYzW5V+Q8Qxhik6KU3evy+qkAAowTByymK0avdg==",
					"dev": true
				},
				"iferr": {
					"version": "0.1.5",
					"resolved": "https://registry.npmjs.org/iferr/-/iferr-0.1.5.tgz",
					"integrity": "sha1-xg7taebY/bazEEofy8ocGS3FtQE=",
					"dev": true
				},
				"ignore": {
					"version": "3.3.10",
					"resolved": "https://registry.npmjs.org/ignore/-/ignore-3.3.10.tgz",
					"integrity": "sha512-Pgs951kaMm5GXP7MOvxERINe3gsaVjUWFm+UZPSq9xYriQAksyhg0csnS0KXSNRD5NmNdapXEpjxG49+AKh/ug==",
					"dev": true
				},
				"imurmurhash": {
					"version": "0.1.4",
					"resolved": "https://registry.npmjs.org/imurmurhash/-/imurmurhash-0.1.4.tgz",
					"integrity": "sha1-khi5srkoojixPcT7a21XbyMUU+o=",
					"dev": true
				},
				"infer-owner": {
					"version": "1.0.4",
					"resolved": "https://registry.npmjs.org/infer-owner/-/infer-owner-1.0.4.tgz",
					"integrity": "sha512-IClj+Xz94+d7irH5qRyfJonOdfTzuDaifE6ZPWfx0N0+/ATZCbuTPq2prFl526urkQd90WyUKIh1DfBQ2hMz9A==",
					"dev": true
				},
				"inflight": {
					"version": "1.0.6",
					"resolved": "https://registry.npmjs.org/inflight/-/inflight-1.0.6.tgz",
					"integrity": "sha1-Sb1jMdfQLQwJvJEKEHW6gWW1bfk=",
					"dev": true,
					"requires": {
						"once": "^1.3.0",
						"wrappy": "1"
					}
				},
				"inherits": {
					"version": "2.0.4",
					"resolved": "https://registry.npmjs.org/inherits/-/inherits-2.0.4.tgz",
					"integrity": "sha512-k/vGaX4/Yla3WzyMCvTQOXYeIHvqOKtnqBduzTHpzpQZzAskKMhZ2K+EnBiSM9zGSoIFeMpXKxa4dYeZIQqewQ==",
					"dev": true
				},
				"is-extglob": {
					"version": "2.1.1",
					"resolved": "https://registry.npmjs.org/is-extglob/-/is-extglob-2.1.1.tgz",
					"integrity": "sha1-qIwCU1eR8C7TfHahueqXc8gz+MI=",
					"dev": true
				},
				"is-glob": {
					"version": "4.0.1",
					"resolved": "https://registry.npmjs.org/is-glob/-/is-glob-4.0.1.tgz",
					"integrity": "sha512-5G0tKtBTFImOqDnLB2hG6Bp2qcKEFduo4tZu9MT/H6NQv/ghhy30o55ufafxJ/LdH79LLs2Kfrn85TLKyA7BUg==",
					"dev": true,
					"requires": {
						"is-extglob": "^2.1.1"
					}
				},
				"isarray": {
					"version": "1.0.0",
					"resolved": "https://registry.npmjs.org/isarray/-/isarray-1.0.0.tgz",
					"integrity": "sha1-u5NdSFgsuhaMBoNJV6VKPgcSTxE=",
					"dev": true
				},
				"json-schema-traverse": {
					"version": "0.4.1",
					"resolved": "https://registry.npmjs.org/json-schema-traverse/-/json-schema-traverse-0.4.1.tgz",
					"integrity": "sha512-xbbCH5dCYU5T8LcEhhuh7HJ88HXuW3qsI3Y0zOZFKfZEHcpWiHU/Jxzk629Brsab/mMiHQti9wMP+845RPe3Vg==",
					"dev": true
				},
				"json5": {
					"version": "1.0.1",
					"resolved": "https://registry.npmjs.org/json5/-/json5-1.0.1.tgz",
					"integrity": "sha512-aKS4WQjPenRxiQsC93MNfjx+nbF4PAdYzmd/1JIj8HYzqfbu86beTuNgXDzPknWk0n0uARlyewZo4s++ES36Ow==",
					"dev": true,
					"requires": {
						"minimist": "^1.2.0"
					}
				},
				"loader-utils": {
					"version": "1.4.0",
					"resolved": "https://registry.npmjs.org/loader-utils/-/loader-utils-1.4.0.tgz",
					"integrity": "sha512-qH0WSMBtn/oHuwjy/NucEgbx5dbxxnxup9s4PVXJUDHZBQY+s0NWA9rJf53RBnQZxfch7euUui7hpoAPvALZdA==",
					"dev": true,
					"requires": {
						"big.js": "^5.2.2",
						"emojis-list": "^3.0.0",
						"json5": "^1.0.1"
					}
				},
				"locate-path": {
					"version": "3.0.0",
					"resolved": "https://registry.npmjs.org/locate-path/-/locate-path-3.0.0.tgz",
					"integrity": "sha512-7AO748wWnIhNqAuaty2ZWHkQHRSNfPVIsPIfwEOWO22AmaoVrWavlOcMR5nzTLNYvp36X220/maaRsrec1G65A==",
					"dev": true,
					"requires": {
						"p-locate": "^3.0.0",
						"path-exists": "^3.0.0"
					}
				},
				"lru-cache": {
					"version": "5.1.1",
					"resolved": "https://registry.npmjs.org/lru-cache/-/lru-cache-5.1.1.tgz",
					"integrity": "sha512-KpNARQA3Iwv+jTA0utUVVbrh+Jlrr1Fv0e56GGzAFOXN7dk/FviaDW8LHmK52DlcH4WP2n6gI8vN1aesBFgo9w==",
					"dev": true,
					"requires": {
						"yallist": "^3.0.2"
					}
				},
				"make-dir": {
					"version": "2.1.0",
					"resolved": "https://registry.npmjs.org/make-dir/-/make-dir-2.1.0.tgz",
					"integrity": "sha512-LS9X+dc8KLxXCb8dni79fLIIUA5VyZoyjSMCwTluaXA0o27cCK0bhXkpgw+sTXVpPy/lSO57ilRixqk0vDmtRA==",
					"dev": true,
					"requires": {
						"pify": "^4.0.1",
						"semver": "^5.6.0"
					}
				},
				"minimatch": {
					"version": "3.0.4",
					"resolved": "https://registry.npmjs.org/minimatch/-/minimatch-3.0.4.tgz",
					"integrity": "sha512-yJHVQEhyqPLUTgt9B83PXu6W3rx4MvvHvSUvToogpwoGDOUQ+yDrR0HRot+yOCdCO7u4hX3pWft6kWBBcqh0UA==",
					"dev": true,
					"requires": {
						"brace-expansion": "^1.1.7"
					}
				},
				"minimist": {
					"version": "1.2.5",
					"resolved": "https://registry.npmjs.org/minimist/-/minimist-1.2.5.tgz",
					"integrity": "sha512-FM9nNUYrRBAELZQT3xeZQ7fmMOBg6nWNmJKTcgsJeaLstP/UODVpGsr5OhXhhXg6f+qtJ8uiZ+PUxkDWcgIXLw==",
					"dev": true
				},
				"mississippi": {
					"version": "3.0.0",
					"resolved": "https://registry.npmjs.org/mississippi/-/mississippi-3.0.0.tgz",
					"integrity": "sha512-x471SsVjUtBRtcvd4BzKE9kFC+/2TeWgKCgw0bZcw1b9l2X3QX5vCWgF+KaZaYm87Ss//rHnWryupDrgLvmSkA==",
					"dev": true,
					"requires": {
						"concat-stream": "^1.5.0",
						"duplexify": "^3.4.2",
						"end-of-stream": "^1.1.0",
						"flush-write-stream": "^1.0.0",
						"from2": "^2.1.0",
						"parallel-transform": "^1.1.0",
						"pump": "^3.0.0",
						"pumpify": "^1.3.3",
						"stream-each": "^1.1.0",
						"through2": "^2.0.0"
					}
				},
				"mkdirp": {
					"version": "0.5.5",
					"resolved": "https://registry.npmjs.org/mkdirp/-/mkdirp-0.5.5.tgz",
					"integrity": "sha512-NKmAlESf6jMGym1++R0Ra7wvhV+wFW63FaSOFPwRahvea0gMUcGUhVeAg/0BC0wiv9ih5NYPB1Wn1UEI1/L+xQ==",
					"dev": true,
					"requires": {
						"minimist": "^1.2.5"
					}
				},
				"move-concurrently": {
					"version": "1.0.1",
					"resolved": "https://registry.npmjs.org/move-concurrently/-/move-concurrently-1.0.1.tgz",
					"integrity": "sha1-viwAX9oy4LKa8fBdfEszIUxwH5I=",
					"dev": true,
					"requires": {
						"aproba": "^1.1.1",
						"copy-concurrently": "^1.0.0",
						"fs-write-stream-atomic": "^1.0.8",
						"mkdirp": "^0.5.1",
						"rimraf": "^2.5.4",
						"run-queue": "^1.0.3"
					}
				},
				"normalize-path": {
					"version": "3.0.0",
					"resolved": "https://registry.npmjs.org/normalize-path/-/normalize-path-3.0.0.tgz",
					"integrity": "sha512-6eZs5Ls3WtCisHWp9S2GUy8dqkpGi4BVSz3GaqiE6ezub0512ESztXUwUB6C6IKbQkY2Pnb/mD4WYojCRwcwLA==",
					"dev": true
				},
				"once": {
					"version": "1.4.0",
					"resolved": "https://registry.npmjs.org/once/-/once-1.4.0.tgz",
					"integrity": "sha1-WDsap3WWHUsROsF9nFC6753Xa9E=",
					"dev": true,
					"requires": {
						"wrappy": "1"
					}
				},
				"p-limit": {
					"version": "2.3.0",
					"resolved": "https://registry.npmjs.org/p-limit/-/p-limit-2.3.0.tgz",
					"integrity": "sha512-//88mFWSJx8lxCzwdAABTJL2MyWB12+eIY7MDL2SqLmAkeKU9qxRvWuSyTjm3FUmpBEMuFfckAIqEaVGUDxb6w==",
					"dev": true,
					"requires": {
						"p-try": "^2.0.0"
					}
				},
				"p-locate": {
					"version": "3.0.0",
					"resolved": "https://registry.npmjs.org/p-locate/-/p-locate-3.0.0.tgz",
					"integrity": "sha512-x+12w/To+4GFfgJhBEpiDcLozRJGegY+Ei7/z0tSLkMmxGZNybVMSfWj9aJn8Z5Fc7dBUNJOOVgPv2H7IwulSQ==",
					"dev": true,
					"requires": {
						"p-limit": "^2.0.0"
					}
				},
				"p-try": {
					"version": "2.2.0",
					"resolved": "https://registry.npmjs.org/p-try/-/p-try-2.2.0.tgz",
					"integrity": "sha512-R4nPAVTAU0B9D35/Gk3uJf/7XYbQcyohSKdvAxIRSNghFl4e71hVoGnBNQz9cWaXxO2I10KTC+3jMdvvoKw6dQ==",
					"dev": true
				},
				"parallel-transform": {
					"version": "1.2.0",
					"resolved": "https://registry.npmjs.org/parallel-transform/-/parallel-transform-1.2.0.tgz",
					"integrity": "sha512-P2vSmIu38uIlvdcU7fDkyrxj33gTUy/ABO5ZUbGowxNCopBq/OoD42bP4UmMrJoPyk4Uqf0mu3mtWBhHCZD8yg==",
					"dev": true,
					"requires": {
						"cyclist": "^1.0.1",
						"inherits": "^2.0.3",
						"readable-stream": "^2.1.5"
					}
				},
				"path-dirname": {
					"version": "1.0.2",
					"resolved": "https://registry.npmjs.org/path-dirname/-/path-dirname-1.0.2.tgz",
					"integrity": "sha1-zDPSTVJeCZpTiMAzbG4yuRYGCeA=",
					"dev": true
				},
				"path-exists": {
					"version": "3.0.0",
					"resolved": "https://registry.npmjs.org/path-exists/-/path-exists-3.0.0.tgz",
					"integrity": "sha1-zg6+ql94yxiSXqfYENe1mwEP1RU=",
					"dev": true
				},
				"path-is-absolute": {
					"version": "1.0.1",
					"resolved": "https://registry.npmjs.org/path-is-absolute/-/path-is-absolute-1.0.1.tgz",
					"integrity": "sha1-F0uSaHNVNP+8es5r9TpanhtcX18=",
					"dev": true
				},
				"path-type": {
					"version": "3.0.0",
					"resolved": "https://registry.npmjs.org/path-type/-/path-type-3.0.0.tgz",
					"integrity": "sha512-T2ZUsdZFHgA3u4e5PfPbjd7HDDpxPnQb5jN0SrDsjNSuVXHJqtwTnWqG0B1jZrgmJ/7lj1EmVIByWt1gxGkWvg==",
					"dev": true,
					"requires": {
						"pify": "^3.0.0"
					},
					"dependencies": {
						"pify": {
							"version": "3.0.0",
							"resolved": "https://registry.npmjs.org/pify/-/pify-3.0.0.tgz",
							"integrity": "sha1-5aSs0sEB/fPZpNB/DbxNtJ3SgXY=",
							"dev": true
						}
					}
				},
				"pify": {
					"version": "4.0.1",
					"resolved": "https://registry.npmjs.org/pify/-/pify-4.0.1.tgz",
					"integrity": "sha512-uB80kBFb/tfd68bVleG9T5GGsGPjJrLAUpR5PZIrhBnIaRTQRjqdJSsIKkOP6OAIFbj7GOrcudc5pNjZ+geV2g==",
					"dev": true
				},
				"pkg-dir": {
					"version": "3.0.0",
					"resolved": "https://registry.npmjs.org/pkg-dir/-/pkg-dir-3.0.0.tgz",
					"integrity": "sha512-/E57AYkoeQ25qkxMj5PBOVgF8Kiu/h7cYS30Z5+R7WaiCCBfLq58ZI/dSeaEKb9WVJV5n/03QwrN3IeWIFllvw==",
					"dev": true,
					"requires": {
						"find-up": "^3.0.0"
					}
				},
				"process-nextick-args": {
					"version": "2.0.1",
					"resolved": "https://registry.npmjs.org/process-nextick-args/-/process-nextick-args-2.0.1.tgz",
					"integrity": "sha512-3ouUOpQhtgrbOa17J7+uxOTpITYWaGP7/AhoR3+A+/1e9skrzelGi/dXzEYyvbxubEF6Wn2ypscTKiKJFFn1ag==",
					"dev": true
				},
				"promise-inflight": {
					"version": "1.0.1",
					"resolved": "https://registry.npmjs.org/promise-inflight/-/promise-inflight-1.0.1.tgz",
					"integrity": "sha1-mEcocL8igTL8vdhoEputEsPAKeM=",
					"dev": true
				},
				"pump": {
					"version": "3.0.0",
					"resolved": "https://registry.npmjs.org/pump/-/pump-3.0.0.tgz",
					"integrity": "sha512-LwZy+p3SFs1Pytd/jYct4wpv49HiYCqd9Rlc5ZVdk0V+8Yzv6jR5Blk3TRmPL1ft69TxP0IMZGJ+WPFU2BFhww==",
					"dev": true,
					"requires": {
						"end-of-stream": "^1.1.0",
						"once": "^1.3.1"
					}
				},
				"pumpify": {
					"version": "1.5.1",
					"resolved": "https://registry.npmjs.org/pumpify/-/pumpify-1.5.1.tgz",
					"integrity": "sha512-oClZI37HvuUJJxSKKrC17bZ9Cu0ZYhEAGPsPUy9KlMUmv9dKX2o77RUmq7f3XjIxbwyGwYzbzQ1L2Ks8sIradQ==",
					"dev": true,
					"requires": {
						"duplexify": "^3.6.0",
						"inherits": "^2.0.3",
						"pump": "^2.0.0"
					},
					"dependencies": {
						"pump": {
							"version": "2.0.1",
							"resolved": "https://registry.npmjs.org/pump/-/pump-2.0.1.tgz",
							"integrity": "sha512-ruPMNRkN3MHP1cWJc9OWr+T/xDP0jhXYCLfJcBuX54hhfIBnaQmAUMfDcG4DM5UMWByBbJY69QSphm3jtDKIkA==",
							"dev": true,
							"requires": {
								"end-of-stream": "^1.1.0",
								"once": "^1.3.1"
							}
						}
					}
				},
				"punycode": {
					"version": "2.1.1",
					"resolved": "https://registry.npmjs.org/punycode/-/punycode-2.1.1.tgz",
					"integrity": "sha512-XRsRjdf+j5ml+y/6GKHPZbrF/8p2Yga0JPtdqTIY2Xe5ohJPD9saDJJLPvp9+NSBprVvevdXZybnj2cv8OEd0A==",
					"dev": true
				},
				"randombytes": {
					"version": "2.1.0",
					"resolved": "https://registry.npmjs.org/randombytes/-/randombytes-2.1.0.tgz",
					"integrity": "sha512-vYl3iOX+4CKUWuxGi9Ukhie6fsqXqS9FE2Zaic4tNFD2N2QQaXOMFbuKK4QmDHC0JO6B1Zp41J0LpT0oR68amQ==",
					"dev": true,
					"requires": {
						"safe-buffer": "^5.1.0"
					}
				},
				"readable-stream": {
					"version": "2.3.7",
					"resolved": "https://registry.npmjs.org/readable-stream/-/readable-stream-2.3.7.tgz",
					"integrity": "sha512-Ebho8K4jIbHAxnuxi7o42OrZgF/ZTNcsZj6nRKyUmkhLFq8CHItp/fy6hQZuZmP/n3yZ9VBUbp4zz/mX8hmYPw==",
					"dev": true,
					"requires": {
						"core-util-is": "~1.0.0",
						"inherits": "~2.0.3",
						"isarray": "~1.0.0",
						"process-nextick-args": "~2.0.0",
						"safe-buffer": "~5.1.1",
						"string_decoder": "~1.1.1",
						"util-deprecate": "~1.0.1"
					}
				},
				"rimraf": {
					"version": "2.7.1",
					"resolved": "https://registry.npmjs.org/rimraf/-/rimraf-2.7.1.tgz",
					"integrity": "sha512-uWjbaKIK3T1OSVptzX7Nl6PvQ3qAGtKEtVRjRuazjfL3Bx5eI409VZSqgND+4UNnmzLVdPj9FqFJNPqBZFve4w==",
					"dev": true,
					"requires": {
						"glob": "^7.1.3"
					}
				},
				"run-queue": {
					"version": "1.0.3",
					"resolved": "https://registry.npmjs.org/run-queue/-/run-queue-1.0.3.tgz",
					"integrity": "sha1-6Eg5bwV9Ij8kOGkkYY4laUFh7Ec=",
					"dev": true,
					"requires": {
						"aproba": "^1.1.1"
					}
				},
				"safe-buffer": {
					"version": "5.1.2",
					"resolved": "https://registry.npmjs.org/safe-buffer/-/safe-buffer-5.1.2.tgz",
					"integrity": "sha512-Gd2UZBJDkXlY7GbJxfsE8/nvKkUEU1G38c1siN6QP6a9PT9MmHB8GnpscSmMJSoF8LOIrt8ud/wPtojys4G6+g==",
					"dev": true
				},
				"schema-utils": {
					"version": "1.0.0",
					"resolved": "https://registry.npmjs.org/schema-utils/-/schema-utils-1.0.0.tgz",
					"integrity": "sha512-i27Mic4KovM/lnGsy8whRCHhc7VicJajAjTrYg11K9zfZXnYIt4k5F+kZkwjnrhKzLic/HLU4j11mjsz2G/75g==",
					"dev": true,
					"requires": {
						"ajv": "^6.1.0",
						"ajv-errors": "^1.0.0",
						"ajv-keywords": "^3.1.0"
					}
				},
				"semver": {
					"version": "5.7.1",
					"resolved": "https://registry.npmjs.org/semver/-/semver-5.7.1.tgz",
					"integrity": "sha512-sauaDf/PZdVgrLTNYHRtpXa1iRiKcaebiKQ1BJdpQlWH2lCvexQdX55snPFyK7QzpudqbCI0qXFfOasHdyNDGQ==",
					"dev": true
				},
				"serialize-javascript": {
					"version": "4.0.0",
					"resolved": "https://registry.npmjs.org/serialize-javascript/-/serialize-javascript-4.0.0.tgz",
					"integrity": "sha512-GaNA54380uFefWghODBWEGisLZFj00nS5ACs6yHa9nLqlLpVLO8ChDGeKRjZnV4Nh4n0Qi7nhYZD/9fCPzEqkw==",
					"dev": true,
					"requires": {
						"randombytes": "^2.1.0"
					}
				},
				"slash": {
					"version": "1.0.0",
					"resolved": "https://registry.npmjs.org/slash/-/slash-1.0.0.tgz",
					"integrity": "sha1-xB8vbDn8FtHNF61LXYlhFK5HDVU=",
					"dev": true
				},
				"ssri": {
					"version": "6.0.2",
					"resolved": "https://registry.npmjs.org/ssri/-/ssri-6.0.2.tgz",
					"integrity": "sha512-cepbSq/neFK7xB6A50KHN0xHDotYzq58wWCa5LeWqnPrHG8GzfEjO/4O8kpmcGW+oaxkvhEJCWgbgNk4/ZV93Q==",
					"dev": true,
					"requires": {
						"figgy-pudding": "^3.5.1"
					}
				},
				"stream-each": {
					"version": "1.2.3",
					"resolved": "https://registry.npmjs.org/stream-each/-/stream-each-1.2.3.tgz",
					"integrity": "sha512-vlMC2f8I2u/bZGqkdfLQW/13Zihpej/7PmSiMQsbYddxuTsJp8vRe2x2FvVExZg7FaOds43ROAuFJwPR4MTZLw==",
					"dev": true,
					"requires": {
						"end-of-stream": "^1.1.0",
						"stream-shift": "^1.0.0"
					}
				},
				"stream-shift": {
					"version": "1.0.1",
					"resolved": "https://registry.npmjs.org/stream-shift/-/stream-shift-1.0.1.tgz",
					"integrity": "sha512-AiisoFqQ0vbGcZgQPY1cdP2I76glaVA/RauYR4G4thNFgkTqr90yXTo4LYX60Jl+sIlPNHHdGSwo01AvbKUSVQ==",
					"dev": true
				},
				"string_decoder": {
					"version": "1.1.1",
					"resolved": "https://registry.npmjs.org/string_decoder/-/string_decoder-1.1.1.tgz",
					"integrity": "sha512-n/ShnvDi6FHbbVfviro+WojiFzv+s8MPMHBczVePfUpDJLwoLT0ht1l4YwBCbi8pJAveEEdnkHyPyTP/mzRfwg==",
					"dev": true,
					"requires": {
						"safe-buffer": "~5.1.0"
					}
				},
				"through2": {
					"version": "2.0.5",
					"resolved": "https://registry.npmjs.org/through2/-/through2-2.0.5.tgz",
					"integrity": "sha512-/mrRod8xqpA+IHSLyGCQ2s8SPHiCDEeQJSep1jqLYeEUClOFG2Qsh+4FU6G9VeqpZnGW/Su8LQGc4YKni5rYSQ==",
					"dev": true,
					"requires": {
						"readable-stream": "~2.3.6",
						"xtend": "~4.0.1"
					}
				},
				"typedarray": {
					"version": "0.0.6",
					"resolved": "https://registry.npmjs.org/typedarray/-/typedarray-0.0.6.tgz",
					"integrity": "sha1-hnrHTjhkGHsdPUfZlqeOxciDB3c=",
					"dev": true
				},
				"unique-filename": {
					"version": "1.1.1",
					"resolved": "https://registry.npmjs.org/unique-filename/-/unique-filename-1.1.1.tgz",
					"integrity": "sha512-Vmp0jIp2ln35UTXuryvjzkjGdRyf9b2lTXuSYUiPmzRcl3FDtYqAwOnTJkAngD9SWhnoJzDbTKwaOrZ+STtxNQ==",
					"dev": true,
					"requires": {
						"unique-slug": "^2.0.0"
					}
				},
				"unique-slug": {
					"version": "2.0.2",
					"resolved": "https://registry.npmjs.org/unique-slug/-/unique-slug-2.0.2.tgz",
					"integrity": "sha512-zoWr9ObaxALD3DOPfjPSqxt4fnZiWblxHIgeWqW8x7UqDzEtHEQLzji2cuJYQFCU6KmoJikOYAZlrTHHebjx2w==",
					"dev": true,
					"requires": {
						"imurmurhash": "^0.1.4"
					}
				},
				"uri-js": {
					"version": "4.4.1",
					"resolved": "https://registry.npmjs.org/uri-js/-/uri-js-4.4.1.tgz",
					"integrity": "sha512-7rKUyy33Q1yc98pQ1DAmLtwX109F7TIfWlW1Ydo8Wl1ii1SeHieeh0HHfPeL2fMXK6z0s8ecKs9frCuLJvndBg==",
					"dev": true,
					"requires": {
						"punycode": "^2.1.0"
					}
				},
				"util-deprecate": {
					"version": "1.0.2",
					"resolved": "https://registry.npmjs.org/util-deprecate/-/util-deprecate-1.0.2.tgz",
					"integrity": "sha1-RQ1Nyfpw3nMnYvvS1KKJgUGaDM8=",
					"dev": true
				},
				"uuid": {
					"version": "3.4.0",
					"resolved": "https://registry.npmjs.org/uuid/-/uuid-3.4.0.tgz",
					"integrity": "sha512-HjSDRw6gZE5JMggctHBcjVak08+KEVhSIiDzFnT9S9aegmp85S/bReBVTb4QTFaRNptJ9kuYaNhnbNEOkbKb/A==",
					"dev": true
				},
				"webpack-log": {
					"version": "2.0.0",
					"resolved": "https://registry.npmjs.org/webpack-log/-/webpack-log-2.0.0.tgz",
					"integrity": "sha512-cX8G2vR/85UYG59FgkoMamwHUIkSSlV3bBMRsbxVXVUk2j6NleCKjQ/WE9eYg9WY4w25O9w8wKP4rzNZFmUcUg==",
					"dev": true,
					"requires": {
						"ansi-colors": "^3.0.0",
						"uuid": "^3.3.2"
					}
				},
				"wrappy": {
					"version": "1.0.2",
					"resolved": "https://registry.npmjs.org/wrappy/-/wrappy-1.0.2.tgz",
					"integrity": "sha1-tSQ9jz7BqjXxNkYFvA0QNuMKtp8=",
					"dev": true
				},
				"xtend": {
					"version": "4.0.2",
					"resolved": "https://registry.npmjs.org/xtend/-/xtend-4.0.2.tgz",
					"integrity": "sha512-LKYU1iAXJXUgAXn9URjiu+MWhyUXHsvfp7mcuYm9dSUKK0/CjtrUwFAxD82/mCWbtLsGjFIad0wIsod4zrTAEQ==",
					"dev": true
				},
				"y18n": {
					"version": "4.0.3",
					"resolved": "https://registry.npmjs.org/y18n/-/y18n-4.0.3.tgz",
					"integrity": "sha512-JKhqTOwSrqNA1NY5lSztJ1GrBiUodLMmIZuLiDaMRJ+itFd+ABVE8XBjOvIWL+rSqNDC74LCSFmlb/U4UZ4hJQ==",
					"dev": true
				},
				"yallist": {
					"version": "3.1.1",
					"resolved": "https://registry.npmjs.org/yallist/-/yallist-3.1.1.tgz",
					"integrity": "sha512-a4UGQaWPH59mOXUYnAG2ewncQS4i4F43Tv3JoAM+s2VDAmS9NsK8GpDMLrCHPksFT7h3K6TOoUNn2pb7RoXx4g==",
					"dev": true
				}
			}
		}
	}
}
