{
	"name": "@nuclear/main",
	"version": "0.6.16",
	"lockfileVersion": 1,
	"requires": true,
	"dependencies": {
		"cross-env": {
			"version": "7.0.3",
			"resolved": "https://registry.npmjs.org/cross-env/-/cross-env-7.0.3.tgz",
			"integrity": "sha512-+/HKd6EgcQCJGh2PSjZuUitQBQynKor4wrFbRg4DtAgS1aWO+gU52xpH7M9ScGgXSYmAVS9bIJ8EzuaGw0oNAw==",
			"dev": true,
			"requires": {
				"cross-spawn": "^7.0.1"
			},
			"dependencies": {
				"cross-spawn": {
					"version": "7.0.3",
					"resolved": "https://registry.npmjs.org/cross-spawn/-/cross-spawn-7.0.3.tgz",
					"integrity": "sha512-iRDPJKUPVEND7dHPO8rkbOnPpyDygcDFtWjpeWNCgy8WP2rXcxXL8TskReQl6OrB2G7+UJrags1q15Fudc7G6w==",
					"dev": true,
					"requires": {
						"path-key": "^3.1.0",
						"shebang-command": "^2.0.0",
						"which": "^2.0.1"
					}
				},
				"isexe": {
					"version": "2.0.0",
					"resolved": "https://registry.npmjs.org/isexe/-/isexe-2.0.0.tgz",
					"integrity": "sha1-6PvzdNxVb/iUehDcsFctYz8s+hA=",
					"dev": true
				},
				"path-key": {
					"version": "3.1.1",
					"resolved": "https://registry.npmjs.org/path-key/-/path-key-3.1.1.tgz",
					"integrity": "sha512-ojmeN0qd+y0jszEtoY48r0Peq5dwMEkIlCOu6Q5f41lfkswXuKtYrhgoTpLnyIcHm24Uhqx+5Tqm2InSwLhE6Q==",
					"dev": true
				},
				"shebang-command": {
					"version": "2.0.0",
					"resolved": "https://registry.npmjs.org/shebang-command/-/shebang-command-2.0.0.tgz",
					"integrity": "sha512-kHxr2zZpYtdmrN1qDjrrX/Z1rR1kG8Dx+gkpK1G4eXmvXswmcE1hTWBWYUzlraYw1/yZp6YuDY77YtvbN0dmDA==",
					"dev": true,
					"requires": {
						"shebang-regex": "^3.0.0"
					}
				},
				"shebang-regex": {
					"version": "3.0.0",
					"resolved": "https://registry.npmjs.org/shebang-regex/-/shebang-regex-3.0.0.tgz",
					"integrity": "sha512-7++dFhtcx3353uBaq8DDR4NuxBetBzC7ZQOhmTQInHEd6bSrXdiEyzCvG07Z44UYdLShWUyXt5M/yhz8ekcb1A==",
					"dev": true
				},
				"which": {
					"version": "2.0.2",
					"resolved": "https://registry.npmjs.org/which/-/which-2.0.2.tgz",
					"integrity": "sha512-BLI3Tl1TW3Pvl70l3yq3Y64i+awpwXqsGBYWkkqMtnbXgrMD+yj7rhW0kuEDxzJaYXGjEW5ogapKNMEKNMjibA==",
					"dev": true,
					"requires": {
						"isexe": "^2.0.0"
					}
				}
			}
		}
	}
}
