{
	"name": "@nuclear/app",
	"version": "0.6.16",
	"lockfileVersion": 1,
	"requires": true,
	"dependencies": {
		"react-beautiful-dnd": {
			"version": "11.0.5",
			"resolved": "https://registry.npmjs.org/react-beautiful-dnd/-/react-beautiful-dnd-11.0.5.tgz",
			"integrity": "sha512-7llby9U+jIfkINcyxPHVWU0HFYzqxMemUYgGHsFsbx4fZo1n/pW6sYKYzhxGxR3Ap5HxqswcQkKUZX4uEUWhlw==",
			"requires": {
				"@babel/runtime-corejs2": "^7.4.5",
				"css-box-model": "^1.1.2",
				"memoize-one": "^5.0.4",
				"raf-schd": "^4.0.0",
				"react-redux": "^7.0.3",
				"redux": "^4.0.1",
				"tiny-invariant": "^1.0.4",
				"use-memo-one": "^1.1.0"
			},
			"dependencies": {
				"@babel/runtime": {
					"version": "7.14.5",
					"resolved": "https://registry.npmjs.org/@babel/runtime/-/runtime-7.14.5.tgz",
					"integrity": "sha512-121rumjddw9c3NCQ55KGkyE1h/nzWhU/owjhw0l4mQrkzz4x9SGS1X8gFLraHwX7td3Yo4QTL+qj0NcIzN87BA==",
					"requires": {
						"regenerator-runtime": "^0.13.4"
					}
				},
				"@babel/runtime-corejs2": {
					"version": "7.14.5",
					"resolved": "https://registry.npmjs.org/@babel/runtime-corejs2/-/runtime-corejs2-7.14.5.tgz",
					"integrity": "sha512-VimeJVeMwZYupc22z4Gxrne6DZX+Srh0m4V8Xfc4xbSpUR+I1aZkXZ6L7oFKXUkcNe9tUai2V4ZpxoFYWXpztg==",
					"requires": {
						"core-js": "^2.6.5",
						"regenerator-runtime": "^0.13.4"
					}
				},
				"@types/hoist-non-react-statics": {
					"version": "3.3.1",
					"resolved": "https://registry.npmjs.org/@types/hoist-non-react-statics/-/hoist-non-react-statics-3.3.1.tgz",
					"integrity": "sha512-iMIqiko6ooLrTh1joXodJK5X9xeEALT1kM5G3ZLhD3hszxBdIEd5C75U834D9mLcINgD4OyZf5uQXjkuYydWvA==",
					"requires": {
						"@types/react": "*",
						"hoist-non-react-statics": "^3.3.0"
					}
				},
				"@types/prop-types": {
					"version": "15.7.3",
					"resolved": "https://registry.npmjs.org/@types/prop-types/-/prop-types-15.7.3.tgz",
					"integrity": "sha512-KfRL3PuHmqQLOG+2tGpRO26Ctg+Cq1E01D2DMriKEATHgWLfeNDmq9e29Q9WIky0dQ3NPkd1mzYH8Lm936Z9qw=="
				},
				"@types/react": {
					"version": "17.0.11",
					"resolved": "https://registry.npmjs.org/@types/react/-/react-17.0.11.tgz",
					"integrity": "sha512-yFRQbD+whVonItSk7ZzP/L+gPTJVBkL/7shLEF+i9GC/1cV3JmUxEQz6+9ylhUpWSDuqo1N9qEvqS6vTj4USUA==",
					"requires": {
						"@types/prop-types": "*",
						"@types/scheduler": "*",
						"csstype": "^3.0.2"
					}
				},
				"@types/react-redux": {
					"version": "7.1.16",
					"resolved": "https://registry.npmjs.org/@types/react-redux/-/react-redux-7.1.16.tgz",
					"integrity": "sha512-f/FKzIrZwZk7YEO9E1yoxIuDNRiDducxkFlkw/GNMGEnK9n4K8wJzlJBghpSuOVDgEUHoDkDF7Gi9lHNQR4siw==",
					"requires": {
						"@types/hoist-non-react-statics": "^3.3.0",
						"@types/react": "*",
						"hoist-non-react-statics": "^3.3.0",
						"redux": "^4.0.0"
					}
				},
				"@types/scheduler": {
					"version": "0.16.1",
					"resolved": "https://registry.npmjs.org/@types/scheduler/-/scheduler-0.16.1.tgz",
					"integrity": "sha512-EaCxbanVeyxDRTQBkdLb3Bvl/HK7PBK6UJjsSixB0iHKoWxE5uu2Q/DgtpOhPIojN0Zl1whvOd7PoHs2P0s5eA=="
				},
				"core-js": {
					"version": "2.6.12",
					"resolved": "https://registry.npmjs.org/core-js/-/core-js-2.6.12.tgz",
					"integrity": "sha512-Kb2wC0fvsWfQrgk8HU5lW6U/Lcs8+9aaYcy4ZFc6DDlo4nZ7n70dEgE5rtR0oG6ufKDUnrwfWL1mXR5ljDatrQ=="
				},
				"css-box-model": {
					"version": "1.2.1",
					"resolved": "https://registry.npmjs.org/css-box-model/-/css-box-model-1.2.1.tgz",
					"integrity": "sha512-a7Vr4Q/kd/aw96bnJG332W9V9LkJO69JRcaCYDUqjp6/z0w6VcZjgAcTbgFxEPfBgdnAwlh3iwu+hLopa+flJw==",
					"requires": {
						"tiny-invariant": "^1.0.6"
					}
				},
				"csstype": {
					"version": "3.0.8",
					"resolved": "https://registry.npmjs.org/csstype/-/csstype-3.0.8.tgz",
					"integrity": "sha512-jXKhWqXPmlUeoQnF/EhTtTl4C9SnrxSH/jZUih3jmO6lBKr99rP3/+FmrMj4EFpOXzMtXHAZkd3x0E6h6Fgflw=="
				},
				"hoist-non-react-statics": {
					"version": "3.3.2",
					"resolved": "https://registry.npmjs.org/hoist-non-react-statics/-/hoist-non-react-statics-3.3.2.tgz",
					"integrity": "sha512-/gGivxi8JPKWNm/W0jSmzcMPpfpPLc3dY/6GxhX2hQ9iGj3aDfklV4ET7NjKpSinLpJ5vafa9iiGIEZg10SfBw==",
					"requires": {
						"react-is": "^16.7.0"
					}
				},
				"js-tokens": {
					"version": "4.0.0",
					"resolved": "https://registry.npmjs.org/js-tokens/-/js-tokens-4.0.0.tgz",
					"integrity": "sha512-RdJUflcE3cUzKiMqQgsCu06FPu9UdIJO0beYbPhHN4k6apgJtifcoCtT9bcxOpYBtpD2kCM6Sbzg4CausW/PKQ=="
				},
				"loose-envify": {
					"version": "1.4.0",
					"resolved": "https://registry.npmjs.org/loose-envify/-/loose-envify-1.4.0.tgz",
					"integrity": "sha512-lyuxPGr/Wfhrlem2CL/UcnUc1zcqKAImBDzukY7Y5F/yQiNdko6+fRLevlw1HgMySw7f611UIY408EtxRSoK3Q==",
					"requires": {
						"js-tokens": "^3.0.0 || ^4.0.0"
					}
				},
				"memoize-one": {
					"version": "5.2.1",
					"resolved": "https://registry.npmjs.org/memoize-one/-/memoize-one-5.2.1.tgz",
					"integrity": "sha512-zYiwtZUcYyXKo/np96AGZAckk+FWWsUdJ3cHGGmld7+AhvcWmQyGCYUh1hc4Q/pkOhb65dQR/pqCyK0cOaHz4Q=="
				},
				"object-assign": {
					"version": "4.1.1",
					"resolved": "https://registry.npmjs.org/object-assign/-/object-assign-4.1.1.tgz",
					"integrity": "sha1-IQmtx5ZYh8/AXLvUQsrIv7s2CGM="
				},
				"prop-types": {
					"version": "15.7.2",
					"resolved": "https://registry.npmjs.org/prop-types/-/prop-types-15.7.2.tgz",
					"integrity": "sha512-8QQikdH7//R2vurIJSutZ1smHYTcLpRWEOlHnzcWHmBYrOGUysKwSsrC89BCiFj3CbrfJ/nXFdJepOVrY1GCHQ==",
					"requires": {
						"loose-envify": "^1.4.0",
						"object-assign": "^4.1.1",
						"react-is": "^16.8.1"
					}
				},
				"raf-schd": {
					"version": "4.0.3",
					"resolved": "https://registry.npmjs.org/raf-schd/-/raf-schd-4.0.3.tgz",
					"integrity": "sha512-tQkJl2GRWh83ui2DiPTJz9wEiMN20syf+5oKfB03yYP7ioZcJwsIK8FjrtLwH1m7C7e+Tt2yYBlrOpdT+dyeIQ=="
				},
				"react-is": {
					"version": "16.13.1",
					"resolved": "https://registry.npmjs.org/react-is/-/react-is-16.13.1.tgz",
					"integrity": "sha512-24e6ynE2H+OKt4kqsOvNd8kBpV65zoxbA4BVsEOB3ARVWQki/DHzaUoC5KuON/BiccDaCCTZBuOcfZs70kR8bQ=="
				},
				"react-redux": {
					"version": "7.2.4",
					"resolved": "https://registry.npmjs.org/react-redux/-/react-redux-7.2.4.tgz",
					"integrity": "sha512-hOQ5eOSkEJEXdpIKbnRyl04LhaWabkDPV+Ix97wqQX3T3d2NQ8DUblNXXtNMavc7DpswyQM6xfaN4HQDKNY2JA==",
					"requires": {
						"@babel/runtime": "^7.12.1",
						"@types/react-redux": "^7.1.16",
						"hoist-non-react-statics": "^3.3.2",
						"loose-envify": "^1.4.0",
						"prop-types": "^15.7.2",
						"react-is": "^16.13.1"
					}
				},
				"redux": {
					"version": "4.1.0",
					"resolved": "https://registry.npmjs.org/redux/-/redux-4.1.0.tgz",
					"integrity": "sha512-uI2dQN43zqLWCt6B/BMGRMY6db7TTY4qeHHfGeKb3EOhmOKjU3KdWvNLJyqaHRksv/ErdNH7cFZWg9jXtewy4g==",
					"requires": {
						"@babel/runtime": "^7.9.2"
					}
				},
				"regenerator-runtime": {
					"version": "0.13.7",
					"resolved": "https://registry.npmjs.org/regenerator-runtime/-/regenerator-runtime-0.13.7.tgz",
					"integrity": "sha512-a54FxoJDIr27pgf7IgeQGxmqUNYrcV338lf/6gH456HZ/PhX+5BcwHXG9ajESmwe6WRO0tAzRUrRmNONWgkrew=="
				},
				"tiny-invariant": {
					"version": "1.1.0",
					"resolved": "https://registry.npmjs.org/tiny-invariant/-/tiny-invariant-1.1.0.tgz",
					"integrity": "sha512-ytxQvrb1cPc9WBEI/HSeYYoGD0kWnGEOR8RY6KomWLBVhqz0RgTwVO9dLrGz7dC+nN9llyI7OKAgRq8Vq4ZBSw=="
				},
				"use-memo-one": {
					"version": "1.1.2",
					"resolved": "https://registry.npmjs.org/use-memo-one/-/use-memo-one-1.1.2.tgz",
					"integrity": "sha512-u2qFKtxLsia/r8qG0ZKkbytbztzRb317XCkT7yP8wxL0tZ/CzK2G+WWie5vWvpyeP7+YoPIwbJoIHJ4Ba4k0oQ=="
				}
			}
		}
	}
}
