{
	"name": "@nuclear/app",
	"version": "0.6.17",
	"lockfileVersion": 2,
	"requires": true,
	"packages": {
		"": {
			"name": "@nuclear/app",
			"version": "0.6.17",
			"license": "AGPL-3.0",
			"dependencies": {
				"@testing-library/react": "12"
			},
			"engines": {
				"node": ">=12.14.0",
				"npm": ">=6.0.0"
			}
		},
		"node_modules/@testing-library/react": {
			"version": "12.1.5",
			"resolved": "https://registry.npmjs.org/@testing-library/react/-/react-12.1.5.tgz",
			"integrity": "sha512-OfTXCJUFgjd/digLUuPxa0+/3ZxsQmE7ub9kcbW/wi96Bh3o/p5vrETcBGfP17NWPGqeYYl5LTRpwyGoMC4ysg==",
			"dependencies": {
				"@babel/runtime": "^7.12.5",
				"@testing-library/dom": "^8.0.0",
				"@types/react-dom": "<18.0.0"
			},
			"engines": {
				"node": ">=12"
			},
			"peerDependencies": {
				"react": "<18.0.0",
				"react-dom": "<18.0.0"
			}
		},
		"node_modules/@testing-library/react/node_modules/@babel/code-frame": {
			"version": "7.18.6",
			"resolved": "https://registry.npmjs.org/@babel/code-frame/-/code-frame-7.18.6.tgz",
			"integrity": "sha512-TDCmlK5eOvH+eH7cdAFlNXeVJqWIQ7gW9tY1GJIpUtFb6CmjVyq2VM3u71bOyR8CRihcCgMUYoDNyLXao3+70Q==",
			"dependencies": {
				"@babel/highlight": "^7.18.6"
			},
			"engines": {
				"node": ">=6.9.0"
			}
		},
		"node_modules/@testing-library/react/node_modules/@babel/helper-validator-identifier": {
			"version": "7.18.6",
			"resolved": "https://registry.npmjs.org/@babel/helper-validator-identifier/-/helper-validator-identifier-7.18.6.tgz",
			"integrity": "sha512-MmetCkz9ej86nJQV+sFCxoGGrUbU3q02kgLciwkrt9QqEB7cP39oKEY0PakknEO0Gu20SskMRi+AYZ3b1TpN9g==",
			"engines": {
				"node": ">=6.9.0"
			}
		},
		"node_modules/@testing-library/react/node_modules/@babel/highlight": {
			"version": "7.18.6",
			"resolved": "https://registry.npmjs.org/@babel/highlight/-/highlight-7.18.6.tgz",
			"integrity": "sha512-u7stbOuYjaPezCuLj29hNW1v64M2Md2qupEKP1fHc7WdOA3DgLh37suiSrZYY7haUB7iBeQZ9P1uiRF359do3g==",
			"dependencies": {
				"@babel/helper-validator-identifier": "^7.18.6",
				"chalk": "^2.0.0",
				"js-tokens": "^4.0.0"
			},
			"engines": {
				"node": ">=6.9.0"
			}
		},
		"node_modules/@testing-library/react/node_modules/@babel/highlight/node_modules/ansi-styles": {
			"version": "3.2.1",
			"resolved": "https://registry.npmjs.org/ansi-styles/-/ansi-styles-3.2.1.tgz",
			"integrity": "sha512-VT0ZI6kZRdTh8YyJw3SMbYm/u+NqfsAxEpWO0Pf9sq8/e94WxxOpPKx9FR1FlyCtOVDNOQ+8ntlqFxiRc+r5qA==",
			"dependencies": {
				"color-convert": "^1.9.0"
			},
			"engines": {
				"node": ">=4"
			}
		},
		"node_modules/@testing-library/react/node_modules/@babel/highlight/node_modules/chalk": {
			"version": "2.4.2",
			"resolved": "https://registry.npmjs.org/chalk/-/chalk-2.4.2.tgz",
			"integrity": "sha512-Mti+f9lpJNcwF4tWV8/OrTTtF1gZi+f8FqlyAdouralcFWFQWF2+NgCHShjkCb+IFBLq9buZwE1xckQU4peSuQ==",
			"dependencies": {
				"ansi-styles": "^3.2.1",
				"escape-string-regexp": "^1.0.5",
				"supports-color": "^5.3.0"
			},
			"engines": {
				"node": ">=4"
			}
		},
		"node_modules/@testing-library/react/node_modules/@babel/highlight/node_modules/color-convert": {
			"version": "1.9.3",
			"resolved": "https://registry.npmjs.org/color-convert/-/color-convert-1.9.3.tgz",
			"integrity": "sha512-QfAUtd+vFdAtFQcC8CCyYt1fYWxSqAiK2cSD6zDB8N3cpsEBAvRxp9zOGg6G/SHHJYAT88/az/IuDGALsNVbGg==",
			"dependencies": {
				"color-name": "1.1.3"
			}
		},
		"node_modules/@testing-library/react/node_modules/@babel/highlight/node_modules/color-name": {
			"version": "1.1.3",
			"resolved": "https://registry.npmjs.org/color-name/-/color-name-1.1.3.tgz",
			"integrity": "sha512-72fSenhMw2HZMTVHeCA9KCmpEIbzWiQsjN+BHcBbS9vr1mtt+vJjPdksIBNUmKAW8TFUDPJK5SUU3QhE9NEXDw=="
		},
		"node_modules/@testing-library/react/node_modules/@babel/highlight/node_modules/has-flag": {
			"version": "3.0.0",
			"resolved": "https://registry.npmjs.org/has-flag/-/has-flag-3.0.0.tgz",
			"integrity": "sha512-sKJf1+ceQBr4SMkvQnBDNDtf4TXpVhVGateu0t918bl30FnbE2m4vNLX+VWe/dpjlb+HugGYzW7uQXH98HPEYw==",
			"engines": {
				"node": ">=4"
			}
		},
		"node_modules/@testing-library/react/node_modules/@babel/highlight/node_modules/supports-color": {
			"version": "5.5.0",
			"resolved": "https://registry.npmjs.org/supports-color/-/supports-color-5.5.0.tgz",
			"integrity": "sha512-QjVjwdXIt408MIiAqCX4oUKsgU2EqAGzs2Ppkm4aQYbjm+ZEWEcW4SfFNTr4uMNZma0ey4f5lgLrkB0aX0QMow==",
			"dependencies": {
				"has-flag": "^3.0.0"
			},
			"engines": {
				"node": ">=4"
			}
		},
		"node_modules/@testing-library/react/node_modules/@babel/runtime": {
			"version": "7.18.9",
			"resolved": "https://registry.npmjs.org/@babel/runtime/-/runtime-7.18.9.tgz",
			"integrity": "sha512-lkqXDcvlFT5rvEjiu6+QYO+1GXrEHRo2LOtS7E4GtX5ESIZOgepqsZBVIj6Pv+a6zqsya9VCgiK1KAK4BvJDAw==",
			"dependencies": {
				"regenerator-runtime": "^0.13.4"
			},
			"engines": {
				"node": ">=6.9.0"
			}
		},
		"node_modules/@testing-library/react/node_modules/@testing-library/dom": {
			"version": "8.16.1",
			"resolved": "https://registry.npmjs.org/@testing-library/dom/-/dom-8.16.1.tgz",
			"integrity": "sha512-XEV2mBxgv6DKjL3+U3WEUzBgT2CjYksoXGlLrrJXYP8OvRfGkBonvelkorazpFlp8tkEecO06r43vN4DIEyegQ==",
			"dependencies": {
				"@babel/code-frame": "^7.10.4",
				"@babel/runtime": "^7.12.5",
				"@types/aria-query": "^4.2.0",
				"aria-query": "^5.0.0",
				"chalk": "^4.1.0",
				"dom-accessibility-api": "^0.5.9",
				"lz-string": "^1.4.4",
				"pretty-format": "^27.0.2"
			},
			"engines": {
				"node": ">=12"
			}
		},
		"node_modules/@testing-library/react/node_modules/@types/aria-query": {
			"version": "4.2.2",
			"resolved": "https://registry.npmjs.org/@types/aria-query/-/aria-query-4.2.2.tgz",
			"integrity": "sha512-HnYpAE1Y6kRyKM/XkEuiRQhTHvkzMBurTHnpFLYLBGPIylZNPs9jJcuOOYWxPLJCSEtmZT0Y8rHDokKN7rRTig=="
		},
		"node_modules/@testing-library/react/node_modules/@types/prop-types": {
			"version": "15.7.5",
			"resolved": "https://registry.npmjs.org/@types/prop-types/-/prop-types-15.7.5.tgz",
			"integrity": "sha512-JCB8C6SnDoQf0cNycqd/35A7MjcnK+ZTqE7judS6o7utxUCg6imJg3QK2qzHKszlTjcj2cn+NwMB2i96ubpj7w=="
		},
		"node_modules/@testing-library/react/node_modules/@types/react": {
			"version": "17.0.48",
			"resolved": "https://registry.npmjs.org/@types/react/-/react-17.0.48.tgz",
			"integrity": "sha512-zJ6IYlJ8cYYxiJfUaZOQee4lh99mFihBoqkOSEGV+dFi9leROW6+PgstzQ+w3gWTnUfskALtQPGHK6dYmPj+2A==",
			"dependencies": {
				"@types/prop-types": "*",
				"@types/scheduler": "*",
				"csstype": "^3.0.2"
			}
		},
		"node_modules/@testing-library/react/node_modules/@types/react-dom": {
			"version": "17.0.17",
			"resolved": "https://registry.npmjs.org/@types/react-dom/-/react-dom-17.0.17.tgz",
			"integrity": "sha512-VjnqEmqGnasQKV0CWLevqMTXBYG9GbwuE6x3VetERLh0cq2LTptFE73MrQi2S7GkKXCf2GgwItB/melLnxfnsg==",
			"dependencies": {
				"@types/react": "^17"
			}
		},
		"node_modules/@testing-library/react/node_modules/@types/scheduler": {
			"version": "0.16.2",
			"resolved": "https://registry.npmjs.org/@types/scheduler/-/scheduler-0.16.2.tgz",
			"integrity": "sha512-hppQEBDmlwhFAXKJX2KnWLYu5yMfi91yazPb2l+lbJiwW+wdo1gNeRA+3RgNSO39WYX2euey41KEwnqesU2Jew=="
		},
		"node_modules/@testing-library/react/node_modules/ansi-regex": {
			"version": "5.0.1",
			"resolved": "https://registry.npmjs.org/ansi-regex/-/ansi-regex-5.0.1.tgz",
			"integrity": "sha512-quJQXlTSUGL2LH9SUXo8VwsY4soanhgo6LNSm84E1LBcE8s3O0wpdiRzyR9z/ZZJMlMWv37qOOb9pdJlMUEKFQ==",
			"engines": {
				"node": ">=8"
			}
		},
		"node_modules/@testing-library/react/node_modules/ansi-styles": {
			"version": "4.3.0",
			"resolved": "https://registry.npmjs.org/ansi-styles/-/ansi-styles-4.3.0.tgz",
			"integrity": "sha512-zbB9rCJAT1rbjiVDb2hqKFHNYLxgtk8NURxZ3IZwD3F6NtxbXZQCnnSi1Lkx+IDohdPlFp222wVALIheZJQSEg==",
			"dependencies": {
				"color-convert": "^2.0.1"
			},
			"engines": {
				"node": ">=8"
			},
			"funding": {
				"url": "https://github.com/chalk/ansi-styles?sponsor=1"
			}
		},
		"node_modules/@testing-library/react/node_modules/aria-query": {
			"version": "5.0.0",
			"resolved": "https://registry.npmjs.org/aria-query/-/aria-query-5.0.0.tgz",
			"integrity": "sha512-V+SM7AbUwJ+EBnB8+DXs0hPZHO0W6pqBcc0dW90OwtVG02PswOu/teuARoLQjdDOH+t9pJgGnW5/Qmouf3gPJg==",
			"engines": {
				"node": ">=6.0"
			}
		},
		"node_modules/@testing-library/react/node_modules/chalk": {
			"version": "4.1.2",
			"resolved": "https://registry.npmjs.org/chalk/-/chalk-4.1.2.tgz",
			"integrity": "sha512-oKnbhFyRIXpUuez8iBMmyEa4nbj4IOQyuhc/wy9kY7/WVPcwIO9VA668Pu8RkO7+0G76SLROeyw9CpQ061i4mA==",
			"dependencies": {
				"ansi-styles": "^4.1.0",
				"supports-color": "^7.1.0"
			},
			"engines": {
				"node": ">=10"
			},
			"funding": {
				"url": "https://github.com/chalk/chalk?sponsor=1"
			}
		},
		"node_modules/@testing-library/react/node_modules/color-convert": {
			"version": "2.0.1",
			"resolved": "https://registry.npmjs.org/color-convert/-/color-convert-2.0.1.tgz",
			"integrity": "sha512-RRECPsj7iu/xb5oKYcsFHSppFNnsj/52OVTRKb4zP5onXwVF3zVmmToNcOfGC+CRDpfK/U584fMg38ZHCaElKQ==",
			"dependencies": {
				"color-name": "~1.1.4"
			},
			"engines": {
				"node": ">=7.0.0"
			}
		},
		"node_modules/@testing-library/react/node_modules/color-name": {
			"version": "1.1.4",
			"resolved": "https://registry.npmjs.org/color-name/-/color-name-1.1.4.tgz",
			"integrity": "sha512-dOy+3AuW3a2wNbZHIuMZpTcgjGuLU/uBL/ubcZF9OXbDo8ff4O8yVp5Bf0efS8uEoYo5q4Fx7dY9OgQGXgAsQA=="
		},
		"node_modules/@testing-library/react/node_modules/csstype": {
			"version": "3.1.0",
			"resolved": "https://registry.npmjs.org/csstype/-/csstype-3.1.0.tgz",
			"integrity": "sha512-uX1KG+x9h5hIJsaKR9xHUeUraxf8IODOwq9JLNPq6BwB04a/xgpq3rcx47l5BZu5zBPlgD342tdke3Hom/nJRA=="
		},
		"node_modules/@testing-library/react/node_modules/dom-accessibility-api": {
			"version": "0.5.14",
			"resolved": "https://registry.npmjs.org/dom-accessibility-api/-/dom-accessibility-api-0.5.14.tgz",
			"integrity": "sha512-NMt+m9zFMPZe0JcY9gN224Qvk6qLIdqex29clBvc/y75ZBX9YA9wNK3frsYvu2DI1xcCIwxwnX+TlsJ2DSOADg=="
		},
		"node_modules/@testing-library/react/node_modules/escape-string-regexp": {
			"version": "1.0.5",
			"resolved": "https://registry.npmjs.org/escape-string-regexp/-/escape-string-regexp-1.0.5.tgz",
			"integrity": "sha512-vbRorB5FUQWvla16U8R/qgaFIya2qGzwDrNmCZuYKrbdSUMG6I1ZCGQRefkRVhuOkIGVne7BQ35DSfo1qvJqFg==",
			"engines": {
				"node": ">=0.8.0"
			}
		},
		"node_modules/@testing-library/react/node_modules/has-flag": {
			"version": "4.0.0",
			"resolved": "https://registry.npmjs.org/has-flag/-/has-flag-4.0.0.tgz",
			"integrity": "sha512-EykJT/Q1KjTWctppgIAgfSO0tKVuZUjhgMr17kqTumMl6Afv3EISleU7qZUzoXDFTAHTDC4NOoG/ZxU3EvlMPQ==",
			"engines": {
				"node": ">=8"
			}
		},
		"node_modules/@testing-library/react/node_modules/js-tokens": {
			"version": "4.0.0",
			"resolved": "https://registry.npmjs.org/js-tokens/-/js-tokens-4.0.0.tgz",
			"integrity": "sha512-RdJUflcE3cUzKiMqQgsCu06FPu9UdIJO0beYbPhHN4k6apgJtifcoCtT9bcxOpYBtpD2kCM6Sbzg4CausW/PKQ=="
		},
		"node_modules/@testing-library/react/node_modules/lz-string": {
			"version": "1.4.4",
			"resolved": "https://registry.npmjs.org/lz-string/-/lz-string-1.4.4.tgz",
			"integrity": "sha512-0ckx7ZHRPqb0oUm8zNr+90mtf9DQB60H1wMCjBtfi62Kl3a7JbHob6gA2bC+xRvZoOL+1hzUK8jeuEIQE8svEQ==",
			"bin": {
				"lz-string": "bin/bin.js"
			}
		},
		"node_modules/@testing-library/react/node_modules/pretty-format": {
			"version": "27.5.1",
			"resolved": "https://registry.npmjs.org/pretty-format/-/pretty-format-27.5.1.tgz",
			"integrity": "sha512-Qb1gy5OrP5+zDf2Bvnzdl3jsTf1qXVMazbvCoKhtKqVs4/YK4ozX4gKQJJVyNe+cajNPn0KoC0MC3FUmaHWEmQ==",
			"dependencies": {
				"ansi-regex": "^5.0.1",
				"ansi-styles": "^5.0.0",
				"react-is": "^17.0.1"
			},
			"engines": {
				"node": "^10.13.0 || ^12.13.0 || ^14.15.0 || >=15.0.0"
			}
		},
		"node_modules/@testing-library/react/node_modules/pretty-format/node_modules/ansi-styles": {
			"version": "5.2.0",
			"resolved": "https://registry.npmjs.org/ansi-styles/-/ansi-styles-5.2.0.tgz",
			"integrity": "sha512-Cxwpt2SfTzTtXcfOlzGEee8O+c+MmUgGrNiBcXnuWxuFJHe6a5Hz7qwhwe5OgaSYI0IJvkLqWX1ASG+cJOkEiA==",
			"engines": {
				"node": ">=10"
			},
			"funding": {
				"url": "https://github.com/chalk/ansi-styles?sponsor=1"
			}
		},
		"node_modules/@testing-library/react/node_modules/react-is": {
			"version": "17.0.2",
			"resolved": "https://registry.npmjs.org/react-is/-/react-is-17.0.2.tgz",
			"integrity": "sha512-w2GsyukL62IJnlaff/nRegPQR94C/XXamvMWmSHRJ4y7Ts/4ocGRmTHvOs8PSE6pB3dWOrD/nueuU5sduBsQ4w=="
		},
		"node_modules/@testing-library/react/node_modules/regenerator-runtime": {
			"version": "0.13.9",
			"resolved": "https://registry.npmjs.org/regenerator-runtime/-/regenerator-runtime-0.13.9.tgz",
			"integrity": "sha512-p3VT+cOEgxFsRRA9X4lkI1E+k2/CtnKtU4gcxyaCUreilL/vqI6CdZ3wxVUx3UOUg+gnUOQQcRI7BmSI656MYA=="
		},
		"node_modules/@testing-library/react/node_modules/supports-color": {
			"version": "7.2.0",
			"resolved": "https://registry.npmjs.org/supports-color/-/supports-color-7.2.0.tgz",
			"integrity": "sha512-qpCAvRl9stuOHveKsn7HncJRvv501qIacKzQlO/+Lwxc9+0q2wLyv4Dfvt80/DPn2pqOBsJdDiogXGR9+OvwRw==",
			"dependencies": {
				"has-flag": "^4.0.0"
			},
			"engines": {
				"node": ">=8"
			}
		},
		"node_modules/react": {
			"version": "17.0.2",
			"resolved": "https://registry.npmjs.org/react/-/react-17.0.2.tgz",
			"integrity": "sha512-gnhPt75i/dq/z3/6q/0asP78D0u592D5L1pd7M8P+dck6Fu/jJeL6iVVK23fptSUZj8Vjf++7wXA8UNclGQcbA==",
			"peer": true,
			"dependencies": {
				"loose-envify": "^1.1.0",
				"object-assign": "^4.1.1"
			},
			"engines": {
				"node": ">=0.10.0"
			}
		},
		"node_modules/react-dom": {
			"version": "17.0.2",
			"resolved": "https://registry.npmjs.org/react-dom/-/react-dom-17.0.2.tgz",
			"integrity": "sha512-s4h96KtLDUQlsENhMn1ar8t2bEa+q/YAtj8pPPdIjPDGBDIVNsrD9aXNWqspUe6AzKCIG0C1HZZLqLV7qpOBGA==",
			"peer": true,
			"dependencies": {
				"loose-envify": "^1.1.0",
				"object-assign": "^4.1.1",
				"scheduler": "^0.20.2"
			},
			"peerDependencies": {
				"react": "17.0.2"
			}
		},
		"node_modules/react-dom/node_modules/js-tokens": {
			"version": "4.0.0",
			"resolved": "https://registry.npmjs.org/js-tokens/-/js-tokens-4.0.0.tgz",
			"integrity": "sha512-RdJUflcE3cUzKiMqQgsCu06FPu9UdIJO0beYbPhHN4k6apgJtifcoCtT9bcxOpYBtpD2kCM6Sbzg4CausW/PKQ==",
			"peer": true
		},
		"node_modules/react-dom/node_modules/loose-envify": {
			"version": "1.4.0",
			"resolved": "https://registry.npmjs.org/loose-envify/-/loose-envify-1.4.0.tgz",
			"integrity": "sha512-lyuxPGr/Wfhrlem2CL/UcnUc1zcqKAImBDzukY7Y5F/yQiNdko6+fRLevlw1HgMySw7f611UIY408EtxRSoK3Q==",
			"peer": true,
			"dependencies": {
				"js-tokens": "^3.0.0 || ^4.0.0"
			},
			"bin": {
				"loose-envify": "cli.js"
			}
		},
		"node_modules/react-dom/node_modules/object-assign": {
			"version": "4.1.1",
			"resolved": "https://registry.npmjs.org/object-assign/-/object-assign-4.1.1.tgz",
			"integrity": "sha512-rJgTQnkUnH1sFw8yT6VSU3zD3sWmu6sZhIseY8VX+GRu3P6F7Fu+JNDoXfklElbLJSnc3FUQHVe4cU5hj+BcUg==",
			"peer": true,
			"engines": {
				"node": ">=0.10.0"
			}
		},
		"node_modules/react-dom/node_modules/scheduler": {
			"version": "0.20.2",
			"resolved": "https://registry.npmjs.org/scheduler/-/scheduler-0.20.2.tgz",
			"integrity": "sha512-2eWfGgAqqWFGqtdMmcL5zCMK1U8KlXv8SQFGglL3CEtd0aDVDWgeF/YoCmvln55m5zSk3J/20hTaSBeSObsQDQ==",
			"peer": true,
			"dependencies": {
				"loose-envify": "^1.1.0",
				"object-assign": "^4.1.1"
			}
		},
		"node_modules/react/node_modules/js-tokens": {
			"version": "4.0.0",
			"resolved": "https://registry.npmjs.org/js-tokens/-/js-tokens-4.0.0.tgz",
			"integrity": "sha512-RdJUflcE3cUzKiMqQgsCu06FPu9UdIJO0beYbPhHN4k6apgJtifcoCtT9bcxOpYBtpD2kCM6Sbzg4CausW/PKQ==",
			"peer": true
		},
		"node_modules/react/node_modules/loose-envify": {
			"version": "1.4.0",
			"resolved": "https://registry.npmjs.org/loose-envify/-/loose-envify-1.4.0.tgz",
			"integrity": "sha512-lyuxPGr/Wfhrlem2CL/UcnUc1zcqKAImBDzukY7Y5F/yQiNdko6+fRLevlw1HgMySw7f611UIY408EtxRSoK3Q==",
			"peer": true,
			"dependencies": {
				"js-tokens": "^3.0.0 || ^4.0.0"
			},
			"bin": {
				"loose-envify": "cli.js"
			}
		},
		"node_modules/react/node_modules/object-assign": {
			"version": "4.1.1",
			"resolved": "https://registry.npmjs.org/object-assign/-/object-assign-4.1.1.tgz",
			"integrity": "sha512-rJgTQnkUnH1sFw8yT6VSU3zD3sWmu6sZhIseY8VX+GRu3P6F7Fu+JNDoXfklElbLJSnc3FUQHVe4cU5hj+BcUg==",
			"peer": true,
			"engines": {
				"node": ">=0.10.0"
			}
		}
	},
	"dependencies": {
		"@testing-library/react": {
			"version": "12.1.5",
			"resolved": "https://registry.npmjs.org/@testing-library/react/-/react-12.1.5.tgz",
			"integrity": "sha512-OfTXCJUFgjd/digLUuPxa0+/3ZxsQmE7ub9kcbW/wi96Bh3o/p5vrETcBGfP17NWPGqeYYl5LTRpwyGoMC4ysg==",
			"requires": {
				"@babel/runtime": "^7.12.5",
				"@testing-library/dom": "^8.0.0",
				"@types/react-dom": "<18.0.0"
			},
			"dependencies": {
				"@babel/code-frame": {
					"version": "7.18.6",
					"resolved": "https://registry.npmjs.org/@babel/code-frame/-/code-frame-7.18.6.tgz",
					"integrity": "sha512-TDCmlK5eOvH+eH7cdAFlNXeVJqWIQ7gW9tY1GJIpUtFb6CmjVyq2VM3u71bOyR8CRihcCgMUYoDNyLXao3+70Q==",
					"requires": {
						"@babel/highlight": "^7.18.6"
					}
				},
				"@babel/helper-validator-identifier": {
					"version": "7.18.6",
					"resolved": "https://registry.npmjs.org/@babel/helper-validator-identifier/-/helper-validator-identifier-7.18.6.tgz",
					"integrity": "sha512-MmetCkz9ej86nJQV+sFCxoGGrUbU3q02kgLciwkrt9QqEB7cP39oKEY0PakknEO0Gu20SskMRi+AYZ3b1TpN9g=="
				},
				"@babel/highlight": {
					"version": "7.18.6",
					"resolved": "https://registry.npmjs.org/@babel/highlight/-/highlight-7.18.6.tgz",
					"integrity": "sha512-u7stbOuYjaPezCuLj29hNW1v64M2Md2qupEKP1fHc7WdOA3DgLh37suiSrZYY7haUB7iBeQZ9P1uiRF359do3g==",
					"requires": {
						"@babel/helper-validator-identifier": "^7.18.6",
						"chalk": "^2.0.0",
						"js-tokens": "^4.0.0"
					},
					"dependencies": {
						"ansi-styles": {
							"version": "3.2.1",
							"resolved": "https://registry.npmjs.org/ansi-styles/-/ansi-styles-3.2.1.tgz",
							"integrity": "sha512-VT0ZI6kZRdTh8YyJw3SMbYm/u+NqfsAxEpWO0Pf9sq8/e94WxxOpPKx9FR1FlyCtOVDNOQ+8ntlqFxiRc+r5qA==",
							"requires": {
								"color-convert": "^1.9.0"
							}
						},
						"chalk": {
							"version": "2.4.2",
							"resolved": "https://registry.npmjs.org/chalk/-/chalk-2.4.2.tgz",
							"integrity": "sha512-Mti+f9lpJNcwF4tWV8/OrTTtF1gZi+f8FqlyAdouralcFWFQWF2+NgCHShjkCb+IFBLq9buZwE1xckQU4peSuQ==",
							"requires": {
								"ansi-styles": "^3.2.1",
								"escape-string-regexp": "^1.0.5",
								"supports-color": "^5.3.0"
							}
						},
						"color-convert": {
							"version": "1.9.3",
							"resolved": "https://registry.npmjs.org/color-convert/-/color-convert-1.9.3.tgz",
							"integrity": "sha512-QfAUtd+vFdAtFQcC8CCyYt1fYWxSqAiK2cSD6zDB8N3cpsEBAvRxp9zOGg6G/SHHJYAT88/az/IuDGALsNVbGg==",
							"requires": {
								"color-name": "1.1.3"
							}
						},
						"color-name": {
							"version": "1.1.3",
							"resolved": "https://registry.npmjs.org/color-name/-/color-name-1.1.3.tgz",
							"integrity": "sha512-72fSenhMw2HZMTVHeCA9KCmpEIbzWiQsjN+BHcBbS9vr1mtt+vJjPdksIBNUmKAW8TFUDPJK5SUU3QhE9NEXDw=="
						},
						"has-flag": {
							"version": "3.0.0",
							"resolved": "https://registry.npmjs.org/has-flag/-/has-flag-3.0.0.tgz",
							"integrity": "sha512-sKJf1+ceQBr4SMkvQnBDNDtf4TXpVhVGateu0t918bl30FnbE2m4vNLX+VWe/dpjlb+HugGYzW7uQXH98HPEYw=="
						},
						"supports-color": {
							"version": "5.5.0",
							"resolved": "https://registry.npmjs.org/supports-color/-/supports-color-5.5.0.tgz",
							"integrity": "sha512-QjVjwdXIt408MIiAqCX4oUKsgU2EqAGzs2Ppkm4aQYbjm+ZEWEcW4SfFNTr4uMNZma0ey4f5lgLrkB0aX0QMow==",
							"requires": {
								"has-flag": "^3.0.0"
							}
						}
					}
				},
				"@babel/runtime": {
					"version": "7.18.9",
					"resolved": "https://registry.npmjs.org/@babel/runtime/-/runtime-7.18.9.tgz",
					"integrity": "sha512-lkqXDcvlFT5rvEjiu6+QYO+1GXrEHRo2LOtS7E4GtX5ESIZOgepqsZBVIj6Pv+a6zqsya9VCgiK1KAK4BvJDAw==",
					"requires": {
						"regenerator-runtime": "^0.13.4"
					}
				},
				"@testing-library/dom": {
					"version": "8.16.1",
					"resolved": "https://registry.npmjs.org/@testing-library/dom/-/dom-8.16.1.tgz",
					"integrity": "sha512-XEV2mBxgv6DKjL3+U3WEUzBgT2CjYksoXGlLrrJXYP8OvRfGkBonvelkorazpFlp8tkEecO06r43vN4DIEyegQ==",
					"requires": {
						"@babel/code-frame": "^7.10.4",
						"@babel/runtime": "^7.12.5",
						"@types/aria-query": "^4.2.0",
						"aria-query": "^5.0.0",
						"chalk": "^4.1.0",
						"dom-accessibility-api": "^0.5.9",
						"lz-string": "^1.4.4",
						"pretty-format": "^27.0.2"
					}
				},
				"@types/aria-query": {
					"version": "4.2.2",
					"resolved": "https://registry.npmjs.org/@types/aria-query/-/aria-query-4.2.2.tgz",
					"integrity": "sha512-HnYpAE1Y6kRyKM/XkEuiRQhTHvkzMBurTHnpFLYLBGPIylZNPs9jJcuOOYWxPLJCSEtmZT0Y8rHDokKN7rRTig=="
				},
				"@types/prop-types": {
					"version": "15.7.5",
					"resolved": "https://registry.npmjs.org/@types/prop-types/-/prop-types-15.7.5.tgz",
					"integrity": "sha512-JCB8C6SnDoQf0cNycqd/35A7MjcnK+ZTqE7judS6o7utxUCg6imJg3QK2qzHKszlTjcj2cn+NwMB2i96ubpj7w=="
				},
				"@types/react": {
					"version": "17.0.48",
					"resolved": "https://registry.npmjs.org/@types/react/-/react-17.0.48.tgz",
					"integrity": "sha512-zJ6IYlJ8cYYxiJfUaZOQee4lh99mFihBoqkOSEGV+dFi9leROW6+PgstzQ+w3gWTnUfskALtQPGHK6dYmPj+2A==",
					"requires": {
						"@types/prop-types": "*",
						"@types/scheduler": "*",
						"csstype": "^3.0.2"
					}
				},
				"@types/react-dom": {
					"version": "17.0.17",
					"resolved": "https://registry.npmjs.org/@types/react-dom/-/react-dom-17.0.17.tgz",
					"integrity": "sha512-VjnqEmqGnasQKV0CWLevqMTXBYG9GbwuE6x3VetERLh0cq2LTptFE73MrQi2S7GkKXCf2GgwItB/melLnxfnsg==",
					"requires": {
						"@types/react": "^17"
					}
				},
				"@types/scheduler": {
					"version": "0.16.2",
					"resolved": "https://registry.npmjs.org/@types/scheduler/-/scheduler-0.16.2.tgz",
					"integrity": "sha512-hppQEBDmlwhFAXKJX2KnWLYu5yMfi91yazPb2l+lbJiwW+wdo1gNeRA+3RgNSO39WYX2euey41KEwnqesU2Jew=="
				},
				"ansi-regex": {
					"version": "5.0.1",
					"resolved": "https://registry.npmjs.org/ansi-regex/-/ansi-regex-5.0.1.tgz",
					"integrity": "sha512-quJQXlTSUGL2LH9SUXo8VwsY4soanhgo6LNSm84E1LBcE8s3O0wpdiRzyR9z/ZZJMlMWv37qOOb9pdJlMUEKFQ=="
				},
				"ansi-styles": {
					"version": "4.3.0",
					"resolved": "https://registry.npmjs.org/ansi-styles/-/ansi-styles-4.3.0.tgz",
					"integrity": "sha512-zbB9rCJAT1rbjiVDb2hqKFHNYLxgtk8NURxZ3IZwD3F6NtxbXZQCnnSi1Lkx+IDohdPlFp222wVALIheZJQSEg==",
					"requires": {
						"color-convert": "^2.0.1"
					}
				},
				"aria-query": {
					"version": "5.0.0",
					"resolved": "https://registry.npmjs.org/aria-query/-/aria-query-5.0.0.tgz",
					"integrity": "sha512-V+SM7AbUwJ+EBnB8+DXs0hPZHO0W6pqBcc0dW90OwtVG02PswOu/teuARoLQjdDOH+t9pJgGnW5/Qmouf3gPJg=="
				},
				"chalk": {
					"version": "4.1.2",
					"resolved": "https://registry.npmjs.org/chalk/-/chalk-4.1.2.tgz",
					"integrity": "sha512-oKnbhFyRIXpUuez8iBMmyEa4nbj4IOQyuhc/wy9kY7/WVPcwIO9VA668Pu8RkO7+0G76SLROeyw9CpQ061i4mA==",
					"requires": {
						"ansi-styles": "^4.1.0",
						"supports-color": "^7.1.0"
					}
				},
				"color-convert": {
					"version": "2.0.1",
					"resolved": "https://registry.npmjs.org/color-convert/-/color-convert-2.0.1.tgz",
					"integrity": "sha512-RRECPsj7iu/xb5oKYcsFHSppFNnsj/52OVTRKb4zP5onXwVF3zVmmToNcOfGC+CRDpfK/U584fMg38ZHCaElKQ==",
					"requires": {
						"color-name": "~1.1.4"
					}
				},
				"color-name": {
					"version": "1.1.4",
					"resolved": "https://registry.npmjs.org/color-name/-/color-name-1.1.4.tgz",
					"integrity": "sha512-dOy+3AuW3a2wNbZHIuMZpTcgjGuLU/uBL/ubcZF9OXbDo8ff4O8yVp5Bf0efS8uEoYo5q4Fx7dY9OgQGXgAsQA=="
				},
				"csstype": {
					"version": "3.1.0",
					"resolved": "https://registry.npmjs.org/csstype/-/csstype-3.1.0.tgz",
					"integrity": "sha512-uX1KG+x9h5hIJsaKR9xHUeUraxf8IODOwq9JLNPq6BwB04a/xgpq3rcx47l5BZu5zBPlgD342tdke3Hom/nJRA=="
				},
				"dom-accessibility-api": {
					"version": "0.5.14",
					"resolved": "https://registry.npmjs.org/dom-accessibility-api/-/dom-accessibility-api-0.5.14.tgz",
					"integrity": "sha512-NMt+m9zFMPZe0JcY9gN224Qvk6qLIdqex29clBvc/y75ZBX9YA9wNK3frsYvu2DI1xcCIwxwnX+TlsJ2DSOADg=="
				},
				"escape-string-regexp": {
					"version": "1.0.5",
					"resolved": "https://registry.npmjs.org/escape-string-regexp/-/escape-string-regexp-1.0.5.tgz",
					"integrity": "sha512-vbRorB5FUQWvla16U8R/qgaFIya2qGzwDrNmCZuYKrbdSUMG6I1ZCGQRefkRVhuOkIGVne7BQ35DSfo1qvJqFg=="
				},
				"has-flag": {
					"version": "4.0.0",
					"resolved": "https://registry.npmjs.org/has-flag/-/has-flag-4.0.0.tgz",
					"integrity": "sha512-EykJT/Q1KjTWctppgIAgfSO0tKVuZUjhgMr17kqTumMl6Afv3EISleU7qZUzoXDFTAHTDC4NOoG/ZxU3EvlMPQ=="
				},
				"js-tokens": {
					"version": "4.0.0",
					"resolved": "https://registry.npmjs.org/js-tokens/-/js-tokens-4.0.0.tgz",
					"integrity": "sha512-RdJUflcE3cUzKiMqQgsCu06FPu9UdIJO0beYbPhHN4k6apgJtifcoCtT9bcxOpYBtpD2kCM6Sbzg4CausW/PKQ=="
				},
				"lz-string": {
					"version": "1.4.4",
					"resolved": "https://registry.npmjs.org/lz-string/-/lz-string-1.4.4.tgz",
					"integrity": "sha512-0ckx7ZHRPqb0oUm8zNr+90mtf9DQB60H1wMCjBtfi62Kl3a7JbHob6gA2bC+xRvZoOL+1hzUK8jeuEIQE8svEQ=="
				},
				"pretty-format": {
					"version": "27.5.1",
					"resolved": "https://registry.npmjs.org/pretty-format/-/pretty-format-27.5.1.tgz",
					"integrity": "sha512-Qb1gy5OrP5+zDf2Bvnzdl3jsTf1qXVMazbvCoKhtKqVs4/YK4ozX4gKQJJVyNe+cajNPn0KoC0MC3FUmaHWEmQ==",
					"requires": {
						"ansi-regex": "^5.0.1",
						"ansi-styles": "^5.0.0",
						"react-is": "^17.0.1"
					},
					"dependencies": {
						"ansi-styles": {
							"version": "5.2.0",
							"resolved": "https://registry.npmjs.org/ansi-styles/-/ansi-styles-5.2.0.tgz",
							"integrity": "sha512-Cxwpt2SfTzTtXcfOlzGEee8O+c+MmUgGrNiBcXnuWxuFJHe6a5Hz7qwhwe5OgaSYI0IJvkLqWX1ASG+cJOkEiA=="
						}
					}
				},
				"react-is": {
					"version": "17.0.2",
					"resolved": "https://registry.npmjs.org/react-is/-/react-is-17.0.2.tgz",
					"integrity": "sha512-w2GsyukL62IJnlaff/nRegPQR94C/XXamvMWmSHRJ4y7Ts/4ocGRmTHvOs8PSE6pB3dWOrD/nueuU5sduBsQ4w=="
				},
				"regenerator-runtime": {
					"version": "0.13.9",
					"resolved": "https://registry.npmjs.org/regenerator-runtime/-/regenerator-runtime-0.13.9.tgz",
					"integrity": "sha512-p3VT+cOEgxFsRRA9X4lkI1E+k2/CtnKtU4gcxyaCUreilL/vqI6CdZ3wxVUx3UOUg+gnUOQQcRI7BmSI656MYA=="
				},
				"supports-color": {
					"version": "7.2.0",
					"resolved": "https://registry.npmjs.org/supports-color/-/supports-color-7.2.0.tgz",
					"integrity": "sha512-qpCAvRl9stuOHveKsn7HncJRvv501qIacKzQlO/+Lwxc9+0q2wLyv4Dfvt80/DPn2pqOBsJdDiogXGR9+OvwRw==",
					"requires": {
						"has-flag": "^4.0.0"
					}
				}
			}
		},
		"react": {
			"version": "17.0.2",
			"resolved": "https://registry.npmjs.org/react/-/react-17.0.2.tgz",
			"integrity": "sha512-gnhPt75i/dq/z3/6q/0asP78D0u592D5L1pd7M8P+dck6Fu/jJeL6iVVK23fptSUZj8Vjf++7wXA8UNclGQcbA==",
			"peer": true,
			"requires": {
				"loose-envify": "^1.1.0",
				"object-assign": "^4.1.1"
			},
			"dependencies": {
				"js-tokens": {
					"version": "4.0.0",
					"resolved": "https://registry.npmjs.org/js-tokens/-/js-tokens-4.0.0.tgz",
					"integrity": "sha512-RdJUflcE3cUzKiMqQgsCu06FPu9UdIJO0beYbPhHN4k6apgJtifcoCtT9bcxOpYBtpD2kCM6Sbzg4CausW/PKQ==",
					"peer": true
				},
				"loose-envify": {
					"version": "1.4.0",
					"resolved": "https://registry.npmjs.org/loose-envify/-/loose-envify-1.4.0.tgz",
					"integrity": "sha512-lyuxPGr/Wfhrlem2CL/UcnUc1zcqKAImBDzukY7Y5F/yQiNdko6+fRLevlw1HgMySw7f611UIY408EtxRSoK3Q==",
					"peer": true,
					"requires": {
						"js-tokens": "^3.0.0 || ^4.0.0"
					}
				},
				"object-assign": {
					"version": "4.1.1",
					"resolved": "https://registry.npmjs.org/object-assign/-/object-assign-4.1.1.tgz",
					"integrity": "sha512-rJgTQnkUnH1sFw8yT6VSU3zD3sWmu6sZhIseY8VX+GRu3P6F7Fu+JNDoXfklElbLJSnc3FUQHVe4cU5hj+BcUg==",
					"peer": true
				}
			}
		},
		"react-dom": {
			"version": "17.0.2",
			"resolved": "https://registry.npmjs.org/react-dom/-/react-dom-17.0.2.tgz",
			"integrity": "sha512-s4h96KtLDUQlsENhMn1ar8t2bEa+q/YAtj8pPPdIjPDGBDIVNsrD9aXNWqspUe6AzKCIG0C1HZZLqLV7qpOBGA==",
			"peer": true,
			"requires": {
				"loose-envify": "^1.1.0",
				"object-assign": "^4.1.1",
				"scheduler": "^0.20.2"
			},
			"dependencies": {
				"js-tokens": {
					"version": "4.0.0",
					"resolved": "https://registry.npmjs.org/js-tokens/-/js-tokens-4.0.0.tgz",
					"integrity": "sha512-RdJUflcE3cUzKiMqQgsCu06FPu9UdIJO0beYbPhHN4k6apgJtifcoCtT9bcxOpYBtpD2kCM6Sbzg4CausW/PKQ==",
					"peer": true
				},
				"loose-envify": {
					"version": "1.4.0",
					"resolved": "https://registry.npmjs.org/loose-envify/-/loose-envify-1.4.0.tgz",
					"integrity": "sha512-lyuxPGr/Wfhrlem2CL/UcnUc1zcqKAImBDzukY7Y5F/yQiNdko6+fRLevlw1HgMySw7f611UIY408EtxRSoK3Q==",
					"peer": true,
					"requires": {
						"js-tokens": "^3.0.0 || ^4.0.0"
					}
				},
				"object-assign": {
					"version": "4.1.1",
					"resolved": "https://registry.npmjs.org/object-assign/-/object-assign-4.1.1.tgz",
					"integrity": "sha512-rJgTQnkUnH1sFw8yT6VSU3zD3sWmu6sZhIseY8VX+GRu3P6F7Fu+JNDoXfklElbLJSnc3FUQHVe4cU5hj+BcUg==",
					"peer": true
				},
				"scheduler": {
					"version": "0.20.2",
					"resolved": "https://registry.npmjs.org/scheduler/-/scheduler-0.20.2.tgz",
					"integrity": "sha512-2eWfGgAqqWFGqtdMmcL5zCMK1U8KlXv8SQFGglL3CEtd0aDVDWgeF/YoCmvln55m5zSk3J/20hTaSBeSObsQDQ==",
					"peer": true,
					"requires": {
						"loose-envify": "^1.1.0",
						"object-assign": "^4.1.1"
					}
				}
			}
		}
	}
}
